// !$*UTF8*$!
{
	archiveVersion = 1;
	classes = {
	};
	objectVersion = 39;
	objects = {
		080E96DDFE201D6D7F000001 = {
			children = (
				43FB441B07B7F49B00F3B0DA,
				43FB441C07B7F49B00F3B0DA,
			);
			isa = PBXGroup;
			name = Classes;
			refType = 4;
			sourceTree = "<group>";
		};
		089C165CFE840E0CC02AAC07 = {
			children = (
				089C165DFE840E0CC02AAC07,
			);
			isa = PBXVariantGroup;
			name = InfoPlist.strings;
			refType = 4;
			sourceTree = "<group>";
		};
		089C165DFE840E0CC02AAC07 = {
			fileEncoding = 10;
			isa = PBXFileReference;
			lastKnownFileType = text.plist.strings;
			name = English;
			path = English.lproj/InfoPlist.strings;
			refType = 4;
			sourceTree = "<group>";
		};
//080
//081
//082
//083
//084
//100
//101
//102
//103
//104
		1058C7A0FEA54F0111CA2CBB = {
			children = (
				1058C7A1FEA54F0111CA2CBB,
				43DF5C6907C41E8E00BF6235,
			);
			isa = PBXGroup;
			name = "Linked Frameworks";
			refType = 4;
			sourceTree = "<group>";
		};
		1058C7A1FEA54F0111CA2CBB = {
			isa = PBXFileReference;
			lastKnownFileType = wrapper.framework;
			name = Cocoa.framework;
			path = /System/Library/Frameworks/Cocoa.framework;
			refType = 0;
			sourceTree = "<absolute>";
		};
		1058C7A2FEA54F0111CA2CBB = {
			children = (
				29B97325FDCFA39411CA2CEA,
				29B97324FDCFA39411CA2CEA,
			);
			isa = PBXGroup;
			name = "Other Frameworks";
			refType = 4;
			sourceTree = "<group>";
		};
//100
//101
//102
//103
//104
//190
//191
//192
//193
//194
		19C28FACFE9D520D11CA2CBB = {
			children = (
				8D1107320486CEB800E47090,
			);
			isa = PBXGroup;
			name = Products;
			refType = 4;
			sourceTree = "<group>";
		};
//190
//191
//192
//193
//194
//290
//291
//292
//293
//294
		29B97313FDCFA39411CA2CEA = {
			buildSettings = {
			};
			buildStyles = (
				4A9504CCFFE6A4B311CA0CBA,
				4A9504CDFFE6A4B311CA0CBA,
			);
			hasScannedForEncodings = 1;
			isa = PBXProject;
			mainGroup = 29B97314FDCFA39411CA2CEA;
			projectDirPath = "";
			projectReferences = (
				{
					ProductGroup = 43DF5C4007C3E1B700BF6235;
					ProjectRef = 4346A49707B978F3005D73F2;
				},
			);
			targets = (
				8D1107260486CEB800E47090,
			);
		};
		29B97314FDCFA39411CA2CEA = {
			children = (
				080E96DDFE201D6D7F000001,
				29B97315FDCFA39411CA2CEA,
				29B97317FDCFA39411CA2CEA,
				29B97323FDCFA39411CA2CEA,
				19C28FACFE9D520D11CA2CBB,
				4346A49707B978F3005D73F2,
			);
			isa = PBXGroup;
			name = "Create Database";
			path = "";
			refType = 4;
			sourceTree = "<group>";
		};
		29B97315FDCFA39411CA2CEA = {
			children = (
				32CA4F630368D1EE00C91783,
				29B97316FDCFA39411CA2CEA,
			);
			isa = PBXGroup;
			name = "Other Sources";
			path = "";
			refType = 4;
			sourceTree = "<group>";
		};
		29B97316FDCFA39411CA2CEA = {
			fileEncoding = 4;
			isa = PBXFileReference;
			lastKnownFileType = sourcecode.c.objc;
			path = main.m;
			refType = 4;
			sourceTree = "<group>";
		};
		29B97317FDCFA39411CA2CEA = {
			children = (
				43B77B2A07B9A8FE0011B7D0,
				43FB442407B7F8C300F3B0DA,
				8D1107310486CEB800E47090,
				089C165CFE840E0CC02AAC07,
				29B97318FDCFA39411CA2CEA,
			);
			isa = PBXGroup;
			name = Resources;
			path = "";
			refType = 4;
			sourceTree = "<group>";
		};
		29B97318FDCFA39411CA2CEA = {
			children = (
				29B97319FDCFA39411CA2CEA,
			);
			isa = PBXVariantGroup;
			name = MainMenu.nib;
			path = "";
			refType = 4;
			sourceTree = "<group>";
		};
		29B97319FDCFA39411CA2CEA = {
			isa = PBXFileReference;
			lastKnownFileType = wrapper.nib;
			name = English;
			path = English.lproj/MainMenu.nib;
			refType = 4;
			sourceTree = "<group>";
		};
		29B97323FDCFA39411CA2CEA = {
			children = (
				1058C7A0FEA54F0111CA2CBB,
				1058C7A2FEA54F0111CA2CBB,
			);
			isa = PBXGroup;
			name = Frameworks;
			path = "";
			refType = 4;
			sourceTree = "<group>";
		};
		29B97324FDCFA39411CA2CEA = {
			isa = PBXFileReference;
			lastKnownFileType = wrapper.framework;
			name = AppKit.framework;
			path = /System/Library/Frameworks/AppKit.framework;
			refType = 0;
			sourceTree = "<absolute>";
		};
		29B97325FDCFA39411CA2CEA = {
			isa = PBXFileReference;
			lastKnownFileType = wrapper.framework;
			name = Foundation.framework;
			path = /System/Library/Frameworks/Foundation.framework;
			refType = 0;
			sourceTree = "<absolute>";
		};
//290
//291
//292
//293
//294
//320
//321
//322
//323
//324
		32CA4F630368D1EE00C91783 = {
			fileEncoding = 4;
			isa = PBXFileReference;
			lastKnownFileType = sourcecode.c.h;
			path = "Create Database_Prefix.pch";
			refType = 4;
			sourceTree = "<group>";
		};
//320
//321
//322
//323
//324
//430
//431
//432
//433
//434
		4346A2D507B955E7005D73F2 = {
			buildActionMask = 2147483647;
			dstPath = "";
			dstSubfolderSpec = 10;
			files = (
				43DF5C7607C41E9200BF6235,
			);
			isa = PBXCopyFilesBuildPhase;
			runOnlyForDeploymentPostprocessing = 0;
		};
		4346A49707B978F3005D73F2 = {
			isa = PBXFileReference;
			lastKnownFileType = "wrapper.pb-project";
			name = pgCocoaDB.xcode;
			path = ../pgCocoaDB/pgCocoaDB.xcode;
			refType = 2;
			sourceTree = SOURCE_ROOT;
		};
		43B77B2A07B9A8FE0011B7D0 = {
			isa = PBXFileReference;
			lastKnownFileType = image.icns;
			path = "add database_32.icns";
			refType = 4;
			sourceTree = "<group>";
		};
		43B77B2B07B9A8FE0011B7D0 = {
			fileRef = 43B77B2A07B9A8FE0011B7D0;
			isa = PBXBuildFile;
			settings = {
			};
		};
		43DF5C4007C3E1B700BF6235 = {
			children = (
				43DF5C4107C3E1B700BF6235,
			);
			isa = PBXGroup;
			name = Products;
			refType = 4;
			sourceTree = "<group>";
		};
		43DF5C4107C3E1B700BF6235 = {
			fileType = wrapper.framework;
			isa = PBXReferenceProxy;
			path = pgCocoaDB.framework;
			refType = 3;
			remoteRef = 43DF5C4207C3E1C100BF6235;
			sourceTree = BUILT_PRODUCTS_DIR;
		};
		43DF5C4207C3E1C100BF6235 = {
			containerPortal = 4346A49707B978F3005D73F2;
			isa = PBXContainerItemProxy;
			proxyType = 2;
			remoteGlobalIDString = 8DC2EF5B0486A6940098B216;
			remoteInfo = pgCocoaDB;
		};
		43DF5C6107C41E1E00BF6235 = {
			containerPortal = 4346A49707B978F3005D73F2;
			isa = PBXContainerItemProxy;
			proxyType = 1;
			remoteGlobalIDString = 8DC2EF4F0486A6940098B216;
			remoteInfo = pgCocoaDB;
		};
		43DF5C6207C41E1E00BF6235 = {
			isa = PBXTargetDependency;
			name = "pgCocoaDB (from pgCocoaDB.xcode)";
			targetProxy = 43DF5C6107C41E1E00BF6235;
		};
		43DF5C6907C41E8E00BF6235 = {
			isa = PBXFileReference;
			lastKnownFileType = wrapper.framework;
			name = pgCocoaDB.framework;
			path = ../pgCocoaDB/build/pgCocoaDB.framework;
			refType = 2;
			sourceTree = SOURCE_ROOT;
		};
		43DF5C6A07C41E8E00BF6235 = {
			fileRef = 43DF5C6907C41E8E00BF6235;
			isa = PBXBuildFile;
			settings = {
			};
		};
		43DF5C7607C41E9200BF6235 = {
			fileRef = 43DF5C6907C41E8E00BF6235;
			isa = PBXBuildFile;
			settings = {
			};
		};
		43FB441B07B7F49B00F3B0DA = {
			fileEncoding = 30;
			isa = PBXFileReference;
			lastKnownFileType = sourcecode.c.h;
			path = PGNewDBUI.h;
			refType = 4;
			sourceTree = "<group>";
		};
		43FB441C07B7F49B00F3B0DA = {
			fileEncoding = 30;
			isa = PBXFileReference;
			lastKnownFileType = sourcecode.c.objc;
			path = PGNewDBUI.m;
			refType = 4;
			sourceTree = "<group>";
		};
		43FB441D07B7F49B00F3B0DA = {
			fileRef = 43FB441B07B7F49B00F3B0DA;
			isa = PBXBuildFile;
			settings = {
			};
		};
		43FB441E07B7F49B00F3B0DA = {
			fileRef = 43FB441C07B7F49B00F3B0DA;
			isa = PBXBuildFile;
			settings = {
			};
		};
		43FB442407B7F8C300F3B0DA = {
			isa = PBXFileReference;
			lastKnownFileType = image.png;
			path = create_database_wiz.png;
			refType = 4;
			sourceTree = "<group>";
		};
		43FB442507B7F8C300F3B0DA = {
			fileRef = 43FB442407B7F8C300F3B0DA;
			isa = PBXBuildFile;
			settings = {
			};
		};
//430
//431
//432
//433
//434
//4A0
//4A1
//4A2
//4A3
//4A4
		4A9504CCFFE6A4B311CA0CBA = {
			buildSettings = {
				COPY_PHASE_STRIP = NO;
				GCC_DYNAMIC_NO_PIC = NO;
				GCC_ENABLE_FIX_AND_CONTINUE = YES;
				GCC_GENERATE_DEBUGGING_SYMBOLS = YES;
				GCC_OPTIMIZATION_LEVEL = 0;
				ZERO_LINK = YES;
			};
			isa = PBXBuildStyle;
			name = Development;
		};
		4A9504CDFFE6A4B311CA0CBA = {
			buildSettings = {
				COPY_PHASE_STRIP = YES;
				GCC_ENABLE_FIX_AND_CONTINUE = NO;
				ZERO_LINK = NO;
			};
			isa = PBXBuildStyle;
			name = Deployment;
		};
//4A0
//4A1
//4A2
//4A3
//4A4
//8D0
//8D1
//8D2
//8D3
//8D4
		8D1107260486CEB800E47090 = {
			buildPhases = (
				8D1107290486CEB800E47090,
				8D11072C0486CEB800E47090,
				8D11072E0486CEB800E47090,
				4346A2D507B955E7005D73F2,
			);
			buildRules = (
			);
			buildSettings = {
				FRAMEWORK_SEARCH_PATHS = ../pgCocoaDB/build/;
				GCC_GENERATE_DEBUGGING_SYMBOLS = NO;
				GCC_PRECOMPILE_PREFIX_HEADER = YES;
				GCC_PREFIX_HEADER = "Create Database_Prefix.pch";
				HEADER_SEARCH_PATHS = ../pgCocoaDB;
				INFOPLIST_FILE = Info.plist;
				INSTALL_PATH = "$(HOME)/Applications";
				PRODUCT_NAME = "Create Database";
				WRAPPER_EXTENSION = app;
			};
			dependencies = (
				43DF5C6207C41E1E00BF6235,
			);
			isa = PBXNativeTarget;
			name = "Create Database";
			productInstallPath = "$(HOME)/Applications";
			productName = "Create Database";
			productReference = 8D1107320486CEB800E47090;
			productType = "com.apple.product-type.application";
		};
		8D1107290486CEB800E47090 = {
			buildActionMask = 2147483647;
			files = (
				8D11072A0486CEB800E47090,
				8D11072B0486CEB800E47090,
				43FB441D07B7F49B00F3B0DA,
				43FB442507B7F8C300F3B0DA,
				43B77B2B07B9A8FE0011B7D0,
			);
			isa = PBXResourcesBuildPhase;
			runOnlyForDeploymentPostprocessing = 0;
		};
		8D11072A0486CEB800E47090 = {
			fileRef = 29B97318FDCFA39411CA2CEA;
			isa = PBXBuildFile;
			settings = {
			};
		};
		8D11072B0486CEB800E47090 = {
			fileRef = 089C165CFE840E0CC02AAC07;
			isa = PBXBuildFile;
			settings = {
			};
		};
		8D11072C0486CEB800E47090 = {
			buildActionMask = 2147483647;
			files = (
				8D11072D0486CEB800E47090,
				43FB441E07B7F49B00F3B0DA,
			);
			isa = PBXSourcesBuildPhase;
			runOnlyForDeploymentPostprocessing = 0;
		};
		8D11072D0486CEB800E47090 = {
			fileRef = 29B97316FDCFA39411CA2CEA;
			isa = PBXBuildFile;
			settings = {
				ATTRIBUTES = (
				);
			};
		};
		8D11072E0486CEB800E47090 = {
			buildActionMask = 2147483647;
			files = (
				8D11072F0486CEB800E47090,
				43DF5C6A07C41E8E00BF6235,
			);
			isa = PBXFrameworksBuildPhase;
			runOnlyForDeploymentPostprocessing = 0;
		};
		8D11072F0486CEB800E47090 = {
			fileRef = 1058C7A1FEA54F0111CA2CBB;
			isa = PBXBuildFile;
			settings = {
			};
		};
		8D1107310486CEB800E47090 = {
			fileEncoding = 4;
			isa = PBXFileReference;
			lastKnownFileType = text.plist;
			path = Info.plist;
			refType = 4;
			sourceTree = "<group>";
		};
		8D1107320486CEB800E47090 = {
			explicitFileType = wrapper.application;
			includeInIndex = 0;
			isa = PBXFileReference;
			path = "Create Database.app";
			refType = 3;
			sourceTree = BUILT_PRODUCTS_DIR;
		};
	};
	rootObject = 29B97313FDCFA39411CA2CEA;
}
