// !$*UTF8*$!
{
	archiveVersion = 1;
	classes = {
	};
	objectVersion = 39;
	objects = {
		014CEA520018CE5811CA2923 = {
			buildSettings = {
				COPY_PHASE_STRIP = NO;
				GCC_DYNAMIC_NO_PIC = NO;
				GCC_ENABLE_FIX_AND_CONTINUE = YES;
				GCC_GENERATE_DEBUGGING_SYMBOLS = YES;
				GCC_OPTIMIZATION_LEVEL = 0;
				ZERO_LINK = YES;
			};
			isa = PBXBuildStyle;
			name = Development;
		};
		014CEA530018CE5811CA2923 = {
			buildSettings = {
				COPY_PHASE_STRIP = YES;
				GCC_ENABLE_FIX_AND_CONTINUE = NO;
				ZERO_LINK = NO;
			};
			isa = PBXBuildStyle;
			name = Deployment;
		};
//010
//011
//012
//013
//014
//080
//081
//082
//083
//084
		08FB7793FE84155DC02AAC07 = {
			buildSettings = {
			};
			buildStyles = (
				014CEA520018CE5811CA2923,
				014CEA530018CE5811CA2923,
			);
			hasScannedForEncodings = 1;
			isa = PBXProject;
			mainGroup = 08FB7794FE84155DC02AAC07;
			projectDirPath = "";
			targets = (
				D2AAC0620554660B00DB518D,
				433A8829070B0432008741BB,
			);
		};
		08FB7794FE84155DC02AAC07 = {
			children = (
				43B52A37070B167B00A6D242,
				08FB7795FE84155DC02AAC07,
				1AB674ADFE9D54B511CA2CBB,
				433A8842070B049A008741BB,
			);
			isa = PBXGroup;
			name = pgGUID;
			refType = 4;
			sourceTree = "<group>";
		};
		08FB7795FE84155DC02AAC07 = {
			children = (
				433A882E070B0459008741BB,
				433A882D070B0451008741BB,
			);
			isa = PBXGroup;
			name = Source;
			refType = 4;
			sourceTree = "<group>";
		};
		08FB7796FE84155DC02AAC07 = {
			fileEncoding = 4;
			isa = PBXFileReference;
			lastKnownFileType = sourcecode.c.c;
			path = main.c;
			refType = 4;
			sourceTree = "<group>";
		};
//080
//081
//082
//083
//084
//1A0
//1A1
//1A2
//1A3
//1A4
		1AB674ADFE9D54B511CA2CBB = {
			children = (
				D2AAC0630554660B00DB518D,
				433A882A070B0432008741BB,
			);
			isa = PBXGroup;
			name = Products;
			refType = 4;
			sourceTree = "<group>";
		};
//1A0
//1A1
//1A2
//1A3
//1A4
//430
//431
//432
//433
//434
		433A8826070B0432008741BB = {
			buildActionMask = 2147483647;
			files = (
				433A888F070B1294008741BB,
			);
			isa = PBXHeadersBuildPhase;
			runOnlyForDeploymentPostprocessing = 0;
		};
		433A8827070B0432008741BB = {
			buildActionMask = 2147483647;
			files = (
				433A888E070B1293008741BB,
			);
			isa = PBXSourcesBuildPhase;
			runOnlyForDeploymentPostprocessing = 0;
		};
		433A8828070B0432008741BB = {
			buildActionMask = 2147483647;
			files = (
			);
			isa = PBXFrameworksBuildPhase;
			runOnlyForDeploymentPostprocessing = 0;
		};
		433A8829070B0432008741BB = {
			buildPhases = (
				433A8826070B0432008741BB,
				433A8827070B0432008741BB,
				433A8828070B0432008741BB,
			);
			buildRules = (
			);
			buildSettings = {
				INSTALL_PATH = /usr/local/lib;
				LIBRARY_STYLE = STATIC;
				OTHER_CFLAGS = "";
				OTHER_LDFLAGS = "";
				OTHER_REZFLAGS = "";
				PRODUCT_NAME = macGUID;
				SECTORDER_FLAGS = "";
				WARNING_CFLAGS = "-Wmost -Wno-four-char-constants -Wno-unknown-pragmas";
			};
			dependencies = (
			);
			isa = PBXNativeTarget;
			name = macGUID;
			productName = macGUID;
			productReference = 433A882A070B0432008741BB;
			productType = "com.apple.product-type.library.static";
		};
		433A882A070B0432008741BB = {
			explicitFileType = archive.ar;
			includeInIndex = 0;
			isa = PBXFileReference;
			path = libmacGUID.a;
			refType = 3;
			sourceTree = BUILT_PRODUCTS_DIR;
		};
		433A882B070B0444008741BB = {
			containerPortal = 08FB7793FE84155DC02AAC07;
			isa = PBXContainerItemProxy;
			proxyType = 1;
			remoteGlobalIDString = 433A8829070B0432008741BB;
			remoteInfo = macGUID;
		};
		433A882C070B0444008741BB = {
			isa = PBXTargetDependency;
			target = 433A8829070B0432008741BB;
			targetProxy = 433A882B070B0444008741BB;
		};
		433A882D070B0451008741BB = {
			children = (
				433A883E070B048A008741BB,
				433A883F070B048A008741BB,
			);
			isa = PBXGroup;
			name = macGUID;
			refType = 4;
			sourceTree = "<group>";
		};
		433A882E070B0459008741BB = {
			children = (
				08FB7796FE84155DC02AAC07,
			);
			isa = PBXGroup;
			name = pgGUID;
			refType = 4;
			sourceTree = "<group>";
		};
		433A883E070B048A008741BB = {
			fileEncoding = 30;
			isa = PBXFileReference;
			lastKnownFileType = sourcecode.c.c;
			path = newid.c;
			refType = 4;
			sourceTree = "<group>";
		};
		433A883F070B048A008741BB = {
			fileEncoding = 30;
			isa = PBXFileReference;
			lastKnownFileType = sourcecode.c.h;
			path = newid.h;
			refType = 4;
			sourceTree = "<group>";
		};
		433A8842070B049A008741BB = {
			isa = PBXFileReference;
			lastKnownFileType = wrapper.framework;
			name = CoreFoundation.framework;
			path = /System/Library/Frameworks/CoreFoundation.framework;
			refType = 0;
			sourceTree = "<absolute>";
		};
		433A8843070B049A008741BB = {
			fileRef = 433A8842070B049A008741BB;
			isa = PBXBuildFile;
			settings = {
			};
		};
		433A8870070B04CB008741BB = {
			fileRef = 08FB7796FE84155DC02AAC07;
			isa = PBXBuildFile;
			settings = {
			};
		};
		433A888E070B1293008741BB = {
			fileRef = 433A883E070B048A008741BB;
			isa = PBXBuildFile;
			settings = {
			};
		};
		433A888F070B1294008741BB = {
			fileRef = 433A883F070B048A008741BB;
			isa = PBXBuildFile;
			settings = {
			};
		};
		433A8891070B12FA008741BB = {
			fileRef = 433A882A070B0432008741BB;
			isa = PBXBuildFile;
			settings = {
			};
		};
		433A88A4070B14ED008741BB = {
			buildActionMask = 2147483647;
			dstPath = "";
			dstSubfolderSpec = 16;
			files = (
			);
			isa = PBXCopyFilesBuildPhase;
			runOnlyForDeploymentPostprocessing = 0;
		};
		43B52A37070B167B00A6D242 = {
			fileEncoding = 4;
			isa = PBXFileReference;
			lastKnownFileType = text;
			path = INSTALL.txt;
			refType = 4;
			sourceTree = "<group>";
		};
//430
//431
//432
//433
//434
//D20
//D21
//D22
//D23
//D24
		D289988505E68E00004EDB86 = {
			buildActionMask = 2147483647;
			files = (
				433A8843070B049A008741BB,
				433A8891070B12FA008741BB,
			);
			isa = PBXFrameworksBuildPhase;
			runOnlyForDeploymentPostprocessing = 0;
		};
		D2AAC0600554660B00DB518D = {
			buildActionMask = 2147483647;
			files = (
			);
			isa = PBXHeadersBuildPhase;
			runOnlyForDeploymentPostprocessing = 0;
		};
		D2AAC0610554660B00DB518D = {
			buildActionMask = 2147483647;
			files = (
				433A8870070B04CB008741BB,
			);
			isa = PBXSourcesBuildPhase;
			runOnlyForDeploymentPostprocessing = 0;
		};
		D2AAC0620554660B00DB518D = {
			buildPhases = (
				D2AAC0600554660B00DB518D,
				D2AAC0610554660B00DB518D,
				D289988505E68E00004EDB86,
				433A88A4070B14ED008741BB,
			);
			buildRules = (
			);
			buildSettings = {
				DYLIB_COMPATIBILITY_VERSION = 1;
				DYLIB_CURRENT_VERSION = 1;
				EXECUTABLE_EXTENSION = so;
				EXECUTABLE_PREFIX = lib;
				GCC_GENERATE_DEBUGGING_SYMBOLS = NO;
				HEADER_SEARCH_PATHS = "/Users/arsatori/Projects/PostgreSQL/Sources/postgresql-8.0.1/src/include ";
				INSTALL_PATH = /Library/PostgreSQL/lib;
				LIBRARY_STYLE = BUNDLE;
				OTHER_LDFLAGS = "-flat_namespace -undefined suppress";
				PRODUCT_NAME = pgGUID;
			};
			dependencies = (
				433A882C070B0444008741BB,
			);
			isa = PBXNativeTarget;
			name = pgGUID;
			productName = pgGUID;
			productReference = D2AAC0630554660B00DB518D;
			productType = "com.apple.product-type.library.dynamic";
		};
		D2AAC0630554660B00DB518D = {
			explicitFileType = "compiled.mach-o.dylib";
			includeInIndex = 0;
			isa = PBXFileReference;
			path = libpgGUID.so;
			refType = 3;
			sourceTree = BUILT_PRODUCTS_DIR;
		};
	};
	rootObject = 08FB7793FE84155DC02AAC07;
}
