// !$*UTF8*$!
{
	archiveVersion = 1;
	classes = {
	};
	objectVersion = 42;
	objects = {

/* Begin PBXBuildFile section */
		43069B510BC2DB6300BD6D0B /* PGCocoaDB.h in Headers */ = {isa = PBXBuildFile; fileRef = 43069B500BC2DB6300BD6D0B /* PGCocoaDB.h */; settings = {ATTRIBUTES = (Public, ); }; };
		43303391066135480037D932 /* Connection.h in Headers */ = {isa = PBXBuildFile; fileRef = 4330338F066135480037D932 /* Connection.h */; settings = {ATTRIBUTES = (Public, ); }; };
		43303392066135480037D932 /* Connection.m in Sources */ = {isa = PBXBuildFile; fileRef = 43303390066135480037D932 /* Connection.m */; };
		433033B7066135EA0037D932 /* Database.h in Headers */ = {isa = PBXBuildFile; fileRef = 433033A7066135EA0037D932 /* Database.h */; settings = {ATTRIBUTES = (Public, ); }; };
		433033B8066135EA0037D932 /* Database.m in Sources */ = {isa = PBXBuildFile; fileRef = 433033A8066135EA0037D932 /* Database.m */; };
		433033B9066135EA0037D932 /* Databases.h in Headers */ = {isa = PBXBuildFile; fileRef = 433033A9066135EA0037D932 /* Databases.h */; settings = {ATTRIBUTES = (Public, ); }; };
		433033BA066135EA0037D932 /* Databases.m in Sources */ = {isa = PBXBuildFile; fileRef = 433033AA066135EA0037D932 /* Databases.m */; };
		433033BB066135EA0037D932 /* DataSource.h in Headers */ = {isa = PBXBuildFile; fileRef = 433033AB066135EA0037D932 /* DataSource.h */; settings = {ATTRIBUTES = (Public, ); }; };
		433033BC066135EA0037D932 /* DataSource.m in Sources */ = {isa = PBXBuildFile; fileRef = 433033AC066135EA0037D932 /* DataSource.m */; };
		433033BD066135EA0037D932 /* Field.h in Headers */ = {isa = PBXBuildFile; fileRef = 433033AD066135EA0037D932 /* Field.h */; settings = {ATTRIBUTES = (Public, ); }; };
		433033BE066135EA0037D932 /* Field.m in Sources */ = {isa = PBXBuildFile; fileRef = 433033AE066135EA0037D932 /* Field.m */; };
		433033BF066135EA0037D932 /* Fields.h in Headers */ = {isa = PBXBuildFile; fileRef = 433033AF066135EA0037D932 /* Fields.h */; settings = {ATTRIBUTES = (Public, ); }; };
		433033C0066135EA0037D932 /* Fields.m in Sources */ = {isa = PBXBuildFile; fileRef = 433033B0066135EA0037D932 /* Fields.m */; };
		433033C1066135EA0037D932 /* Record.h in Headers */ = {isa = PBXBuildFile; fileRef = 433033B1066135EA0037D932 /* Record.h */; settings = {ATTRIBUTES = (Public, ); }; };
		433033C2066135EA0037D932 /* Record.m in Sources */ = {isa = PBXBuildFile; fileRef = 433033B2066135EA0037D932 /* Record.m */; };
		433033C3066135EA0037D932 /* RecordSet.h in Headers */ = {isa = PBXBuildFile; fileRef = 433033B3066135EA0037D932 /* RecordSet.h */; settings = {ATTRIBUTES = (Public, ); }; };
		433033C4066135EA0037D932 /* RecordSet.m in Sources */ = {isa = PBXBuildFile; fileRef = 433033B4066135EA0037D932 /* RecordSet.m */; };
		43AD0FE00BADCDFC0049BDA4 /* ExplorerModel.h in Headers */ = {isa = PBXBuildFile; fileRef = 43AD0FDA0BADCDFC0049BDA4 /* ExplorerModel.h */; settings = {ATTRIBUTES = (Public, ); }; };
		43AD0FE10BADCDFC0049BDA4 /* ExplorerModel.m in Sources */ = {isa = PBXBuildFile; fileRef = 43AD0FDB0BADCDFC0049BDA4 /* ExplorerModel.m */; };
		43AD0FE20BADCDFC0049BDA4 /* ExplorerNode.h in Headers */ = {isa = PBXBuildFile; fileRef = 43AD0FDC0BADCDFC0049BDA4 /* ExplorerNode.h */; settings = {ATTRIBUTES = (Public, ); }; };
		43AD0FE30BADCDFC0049BDA4 /* ExplorerNode.m in Sources */ = {isa = PBXBuildFile; fileRef = 43AD0FDD0BADCDFC0049BDA4 /* ExplorerNode.m */; };
		43AD0FE40BADCDFC0049BDA4 /* Schema.h in Headers */ = {isa = PBXBuildFile; fileRef = 43AD0FDE0BADCDFC0049BDA4 /* Schema.h */; settings = {ATTRIBUTES = (Public, ); }; };
		43AD0FE50BADCDFC0049BDA4 /* Schema.m in Sources */ = {isa = PBXBuildFile; fileRef = 43AD0FDF0BADCDFC0049BDA4 /* Schema.m */; };
		43AD0FE70BADCEFD0049BDA4 /* Table.h in Headers */ = {isa = PBXBuildFile; fileRef = 433033B5066135EA0037D932 /* Table.h */; };
		43AD0FE80BADCEFE0049BDA4 /* Table.m in Sources */ = {isa = PBXBuildFile; fileRef = 433033B6066135EA0037D932 /* Table.m */; };
		43CC257E0BD681D100C21D32 /* pgCocoaDB.framework in CopyFiles */ = {isa = PBXBuildFile; fileRef = 8DC2EF5B0486A6940098B216 /* pgCocoaDB.framework */; };
		8DC2EF510486A6940098B216 /* pgCocoaDB_Prefix.pch in Headers */ = {isa = PBXBuildFile; fileRef = 32DBCF5E0370ADEE00C91783 /* pgCocoaDB_Prefix.pch */; };
		8DC2EF530486A6940098B216 /* InfoPlist.strings in Resources */ = {isa = PBXBuildFile; fileRef = 089C1666FE841158C02AAC07 /* InfoPlist.strings */; };
		8DC2EF550486A6940098B216 /* main.c in Sources */ = {isa = PBXBuildFile; fileRef = 08FB77B4FE84181DC02AAC07 /* main.c */; settings = {ATTRIBUTES = (); }; };
		8DC2EF570486A6940098B216 /* Cocoa.framework in Frameworks */ = {isa = PBXBuildFile; fileRef = 1058C7B1FEA5585E11CA2CBB /* Cocoa.framework */; };
/* End PBXBuildFile section */

/* Begin PBXCopyFilesBuildPhase section */
		43CC257C0BD681A000C21D32 /* CopyFiles */ = {
			isa = PBXCopyFilesBuildPhase;
			buildActionMask = 2147483647;
			comments = "Copy to the Common Frameworks folder\n";
			dstPath = /Library/Frameworks;
			dstSubfolderSpec = 0;
			files = (
				43CC257E0BD681D100C21D32 /* pgCocoaDB.framework in CopyFiles */,
			);
			runOnlyForDeploymentPostprocessing = 0;
		};
/* End PBXCopyFilesBuildPhase section */

/* Begin PBXFileReference section */
		0867D69BFE84028FC02AAC07 /* Foundation.framework */ = {isa = PBXFileReference; lastKnownFileType = wrapper.framework; name = Foundation.framework; path = /System/Library/Frameworks/Foundation.framework; sourceTree = "<absolute>"; };
		0867D6A5FE840307C02AAC07 /* AppKit.framework */ = {isa = PBXFileReference; lastKnownFileType = wrapper.framework; name = AppKit.framework; path = /System/Library/Frameworks/AppKit.framework; sourceTree = "<absolute>"; };
		089C1667FE841158C02AAC07 /* English */ = {isa = PBXFileReference; fileEncoding = 10; lastKnownFileType = text.plist.strings; name = English; path = English.lproj/InfoPlist.strings; sourceTree = "<group>"; };
		08FB77B4FE84181DC02AAC07 /* main.c */ = {isa = PBXFileReference; fileEncoding = 4; lastKnownFileType = sourcecode.c.c; path = main.c; sourceTree = "<group>"; };
		1058C7B1FEA5585E11CA2CBB /* Cocoa.framework */ = {isa = PBXFileReference; lastKnownFileType = wrapper.framework; name = Cocoa.framework; path = /System/Library/Frameworks/Cocoa.framework; sourceTree = "<absolute>"; };
		32DBCF5E0370ADEE00C91783 /* pgCocoaDB_Prefix.pch */ = {isa = PBXFileReference; fileEncoding = 4; lastKnownFileType = sourcecode.c.h; path = pgCocoaDB_Prefix.pch; sourceTree = "<group>"; };
		43069B500BC2DB6300BD6D0B /* PGCocoaDB.h */ = {isa = PBXFileReference; fileEncoding = 30; lastKnownFileType = sourcecode.c.h; path = PGCocoaDB.h; sourceTree = "<group>"; };
		4330338F066135480037D932 /* Connection.h */ = {isa = PBXFileReference; fileEncoding = 30; lastKnownFileType = sourcecode.c.h; path = Connection.h; sourceTree = "<group>"; };
		43303390066135480037D932 /* Connection.m */ = {isa = PBXFileReference; fileEncoding = 30; lastKnownFileType = sourcecode.c.objc; path = Connection.m; sourceTree = "<group>"; };
		433033A7066135EA0037D932 /* Database.h */ = {isa = PBXFileReference; fileEncoding = 30; lastKnownFileType = sourcecode.c.h; path = Database.h; sourceTree = "<group>"; };
		433033A8066135EA0037D932 /* Database.m */ = {isa = PBXFileReference; fileEncoding = 30; lastKnownFileType = sourcecode.c.objc; path = Database.m; sourceTree = "<group>"; };
		433033A9066135EA0037D932 /* Databases.h */ = {isa = PBXFileReference; fileEncoding = 30; lastKnownFileType = sourcecode.c.h; path = Databases.h; sourceTree = "<group>"; };
		433033AA066135EA0037D932 /* Databases.m */ = {isa = PBXFileReference; fileEncoding = 30; lastKnownFileType = sourcecode.c.objc; path = Databases.m; sourceTree = "<group>"; };
		433033AB066135EA0037D932 /* DataSource.h */ = {isa = PBXFileReference; fileEncoding = 30; lastKnownFileType = sourcecode.c.h; path = DataSource.h; sourceTree = "<group>"; };
		433033AC066135EA0037D932 /* DataSource.m */ = {isa = PBXFileReference; fileEncoding = 30; lastKnownFileType = sourcecode.c.objc; path = DataSource.m; sourceTree = "<group>"; };
		433033AD066135EA0037D932 /* Field.h */ = {isa = PBXFileReference; fileEncoding = 30; lastKnownFileType = sourcecode.c.h; path = Field.h; sourceTree = "<group>"; };
		433033AE066135EA0037D932 /* Field.m */ = {isa = PBXFileReference; fileEncoding = 30; lastKnownFileType = sourcecode.c.objc; path = Field.m; sourceTree = "<group>"; };
		433033AF066135EA0037D932 /* Fields.h */ = {isa = PBXFileReference; fileEncoding = 30; lastKnownFileType = sourcecode.c.h; path = Fields.h; sourceTree = "<group>"; };
		433033B0066135EA0037D932 /* Fields.m */ = {isa = PBXFileReference; fileEncoding = 30; lastKnownFileType = sourcecode.c.objc; path = Fields.m; sourceTree = "<group>"; };
		433033B1066135EA0037D932 /* Record.h */ = {isa = PBXFileReference; fileEncoding = 30; lastKnownFileType = sourcecode.c.h; path = Record.h; sourceTree = "<group>"; };
		433033B2066135EA0037D932 /* Record.m */ = {isa = PBXFileReference; fileEncoding = 30; lastKnownFileType = sourcecode.c.objc; path = Record.m; sourceTree = "<group>"; };
		433033B3066135EA0037D932 /* RecordSet.h */ = {isa = PBXFileReference; fileEncoding = 30; lastKnownFileType = sourcecode.c.h; path = RecordSet.h; sourceTree = "<group>"; };
		433033B4066135EA0037D932 /* RecordSet.m */ = {isa = PBXFileReference; fileEncoding = 30; lastKnownFileType = sourcecode.c.objc; path = RecordSet.m; sourceTree = "<group>"; };
		433033B5066135EA0037D932 /* Table.h */ = {isa = PBXFileReference; fileEncoding = 30; lastKnownFileType = sourcecode.c.h; path = Table.h; sourceTree = "<group>"; };
		433033B6066135EA0037D932 /* Table.m */ = {isa = PBXFileReference; fileEncoding = 30; lastKnownFileType = sourcecode.c.objc; path = Table.m; sourceTree = "<group>"; };
		433033DF066136300037D932 /* libpq.a */ = {isa = PBXFileReference; lastKnownFileType = archive.ar; name = libpq.a; path = /opt/local/lib/libpq.a; sourceTree = "<absolute>"; };
		433033F3066137650037D932 /* libcrypto.dylib */ = {isa = PBXFileReference; lastKnownFileType = "compiled.mach-o"; name = libcrypto.dylib; path = /Developer/SDKs/MacOSX10.4u.sdk/usr/lib/libcrypto.dylib; sourceTree = "<absolute>"; };
		433033F7066137830037D932 /* libssl.dylib */ = {isa = PBXFileReference; lastKnownFileType = "compiled.mach-o"; name = libssl.dylib; path = /Developer/SDKs/MacOSX10.4u.sdk/usr/lib/libssl.dylib; sourceTree = "<absolute>"; };
		4330341C066138050037D932 /* libkrb5.dylib */ = {isa = PBXFileReference; lastKnownFileType = "compiled.mach-o"; name = libkrb5.dylib; path = /Developer/SDKs/MacOSX10.4u.sdk/usr/lib/libkrb5.dylib; sourceTree = "<absolute>"; };
		434E29C207DDFF62002F9C11 /* COPYRIGHT */ = {isa = PBXFileReference; fileEncoding = 4; lastKnownFileType = text; path = COPYRIGHT; sourceTree = "<group>"; };
		43AD0FDA0BADCDFC0049BDA4 /* ExplorerModel.h */ = {isa = PBXFileReference; fileEncoding = 30; lastKnownFileType = sourcecode.c.h; path = ExplorerModel.h; sourceTree = "<group>"; };
		43AD0FDB0BADCDFC0049BDA4 /* ExplorerModel.m */ = {isa = PBXFileReference; fileEncoding = 30; lastKnownFileType = sourcecode.c.objc; path = ExplorerModel.m; sourceTree = "<group>"; };
		43AD0FDC0BADCDFC0049BDA4 /* ExplorerNode.h */ = {isa = PBXFileReference; fileEncoding = 30; lastKnownFileType = sourcecode.c.h; path = ExplorerNode.h; sourceTree = "<group>"; };
		43AD0FDD0BADCDFC0049BDA4 /* ExplorerNode.m */ = {isa = PBXFileReference; fileEncoding = 30; lastKnownFileType = sourcecode.c.objc; path = ExplorerNode.m; sourceTree = "<group>"; };
		43AD0FDE0BADCDFC0049BDA4 /* Schema.h */ = {isa = PBXFileReference; fileEncoding = 30; lastKnownFileType = sourcecode.c.h; path = Schema.h; sourceTree = "<group>"; };
		43AD0FDF0BADCDFC0049BDA4 /* Schema.m */ = {isa = PBXFileReference; fileEncoding = 30; lastKnownFileType = sourcecode.c.objc; path = Schema.m; sourceTree = "<group>"; };
		8DC2EF5A0486A6940098B216 /* Info.plist */ = {isa = PBXFileReference; fileEncoding = 4; lastKnownFileType = text.plist; path = Info.plist; sourceTree = "<group>"; };
		8DC2EF5B0486A6940098B216 /* pgCocoaDB.framework */ = {isa = PBXFileReference; explicitFileType = wrapper.framework; includeInIndex = 0; path = pgCocoaDB.framework; sourceTree = BUILT_PRODUCTS_DIR; };
/* End PBXFileReference section */

/* Begin PBXFrameworksBuildPhase section */
		8DC2EF560486A6940098B216 /* Frameworks */ = {
			isa = PBXFrameworksBuildPhase;
			buildActionMask = 2147483647;
			files = (
				8DC2EF570486A6940098B216 /* Cocoa.framework in Frameworks */,
			);
			runOnlyForDeploymentPostprocessing = 0;
		};
/* End PBXFrameworksBuildPhase section */

/* Begin PBXGroup section */
		034768DFFF38A50411DB9C8B /* Products */ = {
			isa = PBXGroup;
			children = (
				8DC2EF5B0486A6940098B216 /* pgCocoaDB.framework */,
			);
			name = Products;
			sourceTree = "<group>";
		};
		0867D691FE84028FC02AAC07 /* pgCocoaDB */ = {
			isa = PBXGroup;
			children = (
				434E29C207DDFF62002F9C11 /* COPYRIGHT */,
				08FB77AEFE84172EC02AAC07 /* Classes */,
				32C88DFF0371C24200C91783 /* Other Sources */,
				089C1665FE841158C02AAC07 /* Resources */,
				0867D69AFE84028FC02AAC07 /* External Frameworks and Libraries */,
				034768DFFF38A50411DB9C8B /* Products */,
			);
			name = pgCocoaDB;
			sourceTree = "<group>";
		};
		0867D69AFE84028FC02AAC07 /* External Frameworks and Libraries */ = {
			isa = PBXGroup;
			children = (
				1058C7B0FEA5585E11CA2CBB /* Linked Frameworks */,
				1058C7B2FEA5585E11CA2CBB /* Other Frameworks */,
			);
			name = "External Frameworks and Libraries";
			sourceTree = "<group>";
		};
		089C1665FE841158C02AAC07 /* Resources */ = {
			isa = PBXGroup;
			children = (
				8DC2EF5A0486A6940098B216 /* Info.plist */,
				089C1666FE841158C02AAC07 /* InfoPlist.strings */,
			);
			name = Resources;
			sourceTree = "<group>";
		};
		08FB77AEFE84172EC02AAC07 /* Classes */ = {
			isa = PBXGroup;
			children = (
				43AD0FDA0BADCDFC0049BDA4 /* ExplorerModel.h */,
				43069B500BC2DB6300BD6D0B /* PGCocoaDB.h */,
				43AD0FDB0BADCDFC0049BDA4 /* ExplorerModel.m */,
				43AD0FDC0BADCDFC0049BDA4 /* ExplorerNode.h */,
				43AD0FDD0BADCDFC0049BDA4 /* ExplorerNode.m */,
				43AD0FDE0BADCDFC0049BDA4 /* Schema.h */,
				43AD0FDF0BADCDFC0049BDA4 /* Schema.m */,
				4330338F066135480037D932 /* Connection.h */,
				43303390066135480037D932 /* Connection.m */,
				433033A7066135EA0037D932 /* Database.h */,
				433033A8066135EA0037D932 /* Database.m */,
				433033A9066135EA0037D932 /* Databases.h */,
				433033AA066135EA0037D932 /* Databases.m */,
				433033AB066135EA0037D932 /* DataSource.h */,
				433033AC066135EA0037D932 /* DataSource.m */,
				433033AD066135EA0037D932 /* Field.h */,
				433033AE066135EA0037D932 /* Field.m */,
				433033AF066135EA0037D932 /* Fields.h */,
				433033B0066135EA0037D932 /* Fields.m */,
				433033B1066135EA0037D932 /* Record.h */,
				433033B2066135EA0037D932 /* Record.m */,
				433033B3066135EA0037D932 /* RecordSet.h */,
				433033B4066135EA0037D932 /* RecordSet.m */,
				433033B5066135EA0037D932 /* Table.h */,
				433033B6066135EA0037D932 /* Table.m */,
			);
			name = Classes;
			sourceTree = "<group>";
		};
		1058C7B0FEA5585E11CA2CBB /* Linked Frameworks */ = {
			isa = PBXGroup;
			children = (
				4330341C066138050037D932 /* libkrb5.dylib */,
				433033F7066137830037D932 /* libssl.dylib */,
				433033F3066137650037D932 /* libcrypto.dylib */,
				433033DF066136300037D932 /* libpq.a */,
				1058C7B1FEA5585E11CA2CBB /* Cocoa.framework */,
			);
			name = "Linked Frameworks";
			sourceTree = "<group>";
		};
		1058C7B2FEA5585E11CA2CBB /* Other Frameworks */ = {
			isa = PBXGroup;
			children = (
				0867D69BFE84028FC02AAC07 /* Foundation.framework */,
				0867D6A5FE840307C02AAC07 /* AppKit.framework */,
			);
			name = "Other Frameworks";
			sourceTree = "<group>";
		};
		32C88DFF0371C24200C91783 /* Other Sources */ = {
			isa = PBXGroup;
			children = (
				32DBCF5E0370ADEE00C91783 /* pgCocoaDB_Prefix.pch */,
				08FB77B4FE84181DC02AAC07 /* main.c */,
			);
			name = "Other Sources";
			sourceTree = "<group>";
		};
/* End PBXGroup section */

/* Begin PBXHeadersBuildPhase section */
		8DC2EF500486A6940098B216 /* Headers */ = {
			isa = PBXHeadersBuildPhase;
			buildActionMask = 2147483647;
			files = (
				8DC2EF510486A6940098B216 /* pgCocoaDB_Prefix.pch in Headers */,
				43303391066135480037D932 /* Connection.h in Headers */,
				433033B7066135EA0037D932 /* Database.h in Headers */,
				433033B9066135EA0037D932 /* Databases.h in Headers */,
				433033BB066135EA0037D932 /* DataSource.h in Headers */,
				433033BD066135EA0037D932 /* Field.h in Headers */,
				433033BF066135EA0037D932 /* Fields.h in Headers */,
				433033C1066135EA0037D932 /* Record.h in Headers */,
				433033C3066135EA0037D932 /* RecordSet.h in Headers */,
				43AD0FE00BADCDFC0049BDA4 /* ExplorerModel.h in Headers */,
				43AD0FE20BADCDFC0049BDA4 /* ExplorerNode.h in Headers */,
				43AD0FE40BADCDFC0049BDA4 /* Schema.h in Headers */,
				43AD0FE70BADCEFD0049BDA4 /* Table.h in Headers */,
				43069B510BC2DB6300BD6D0B /* PGCocoaDB.h in Headers */,
			);
			runOnlyForDeploymentPostprocessing = 0;
		};
/* End PBXHeadersBuildPhase section */

/* Begin PBXNativeTarget section */
		8DC2EF4F0486A6940098B216 /* pgCocoaDB */ = {
			isa = PBXNativeTarget;
			buildConfigurationList = 43389A460869E11900D5B56D /* Build configuration list for PBXNativeTarget "pgCocoaDB" */;
			buildPhases = (
				8DC2EF500486A6940098B216 /* Headers */,
				8DC2EF520486A6940098B216 /* Resources */,
				8DC2EF540486A6940098B216 /* Sources */,
				8DC2EF560486A6940098B216 /* Frameworks */,
				8DC2EF580486A6940098B216 /* Rez */,
				43CC257C0BD681A000C21D32 /* CopyFiles */,
			);
			buildRules = (
			);
			dependencies = (
			);
			name = pgCocoaDB;
			productInstallPath = "$(HOME)/Library/Frameworks";
			productName = pgCocoaDB;
			productReference = 8DC2EF5B0486A6940098B216 /* pgCocoaDB.framework */;
			productType = "com.apple.product-type.framework";
		};
/* End PBXNativeTarget section */

/* Begin PBXProject section */
		0867D690FE84028FC02AAC07 /* Project object */ = {
			isa = PBXProject;
			buildConfigurationList = 43389A4A0869E11900D5B56D /* Build configuration list for PBXProject "pgCocoaDB" */;
			hasScannedForEncodings = 1;
			mainGroup = 0867D691FE84028FC02AAC07 /* pgCocoaDB */;
			productRefGroup = 034768DFFF38A50411DB9C8B /* Products */;
			projectDirPath = "";
			targets = (
				8DC2EF4F0486A6940098B216 /* pgCocoaDB */,
			);
		};
/* End PBXProject section */

/* Begin PBXResourcesBuildPhase section */
		8DC2EF520486A6940098B216 /* Resources */ = {
			isa = PBXResourcesBuildPhase;
			buildActionMask = 2147483647;
			files = (
				8DC2EF530486A6940098B216 /* InfoPlist.strings in Resources */,
			);
			runOnlyForDeploymentPostprocessing = 0;
		};
/* End PBXResourcesBuildPhase section */

/* Begin PBXRezBuildPhase section */
		8DC2EF580486A6940098B216 /* Rez */ = {
			isa = PBXRezBuildPhase;
			buildActionMask = 2147483647;
			files = (
			);
			runOnlyForDeploymentPostprocessing = 0;
		};
/* End PBXRezBuildPhase section */

/* Begin PBXSourcesBuildPhase section */
		8DC2EF540486A6940098B216 /* Sources */ = {
			isa = PBXSourcesBuildPhase;
			buildActionMask = 2147483647;
			files = (
				8DC2EF550486A6940098B216 /* main.c in Sources */,
				43303392066135480037D932 /* Connection.m in Sources */,
				433033B8066135EA0037D932 /* Database.m in Sources */,
				433033BA066135EA0037D932 /* Databases.m in Sources */,
				433033BC066135EA0037D932 /* DataSource.m in Sources */,
				433033BE066135EA0037D932 /* Field.m in Sources */,
				433033C0066135EA0037D932 /* Fields.m in Sources */,
				433033C2066135EA0037D932 /* Record.m in Sources */,
				433033C4066135EA0037D932 /* RecordSet.m in Sources */,
				43AD0FE10BADCDFC0049BDA4 /* ExplorerModel.m in Sources */,
				43AD0FE30BADCDFC0049BDA4 /* ExplorerNode.m in Sources */,
				43AD0FE50BADCDFC0049BDA4 /* Schema.m in Sources */,
				43AD0FE80BADCEFE0049BDA4 /* Table.m in Sources */,
			);
			runOnlyForDeploymentPostprocessing = 0;
		};
/* End PBXSourcesBuildPhase section */

/* Begin PBXVariantGroup section */
		089C1666FE841158C02AAC07 /* InfoPlist.strings */ = {
			isa = PBXVariantGroup;
			children = (
				089C1667FE841158C02AAC07 /* English */,
			);
			name = InfoPlist.strings;
			sourceTree = "<group>";
		};
/* End PBXVariantGroup section */

/* Begin XCBuildConfiguration section */
		43389A470869E11900D5B56D /* Development */ = {
			isa = XCBuildConfiguration;
			buildSettings = {
				ARCHS = (
					i386,
					ppc,
				);
				COPY_PHASE_STRIP = NO;
				DEBUGGING_SYMBOLS = YES;
				DYLIB_COMPATIBILITY_VERSION = 1;
				DYLIB_CURRENT_VERSION = 1;
				FRAMEWORK_SEARCH_PATHS = "";
				FRAMEWORK_VERSION = A;
				GCC_DYNAMIC_NO_PIC = NO;
				GCC_ENABLE_FIX_AND_CONTINUE = YES;
				GCC_ENABLE_TRIGRAPHS = NO;
				GCC_GENERATE_DEBUGGING_SYMBOLS = YES;
				GCC_OPTIMIZATION_LEVEL = 0;
				GCC_PRECOMPILE_PREFIX_HEADER = YES;
				GCC_PREFIX_HEADER = pgCocoaDB_Prefix.pch;
				GCC_WARN_ABOUT_MISSING_PROTOTYPES = NO;
				GCC_WARN_FOUR_CHARACTER_CONSTANTS = NO;
				GCC_WARN_UNKNOWN_PRAGMAS = NO;
				HEADER_SEARCH_PATHS = /opt/local/include;
				INFOPLIST_FILE = Info.plist;
				INSTALL_PATH = "@executable_path/../Frameworks";
				LIBRARY_SEARCH_PATHS = /opt/local/lib;
				LIBRARY_STYLE = Dynamic;
				MACH_O_TYPE = mh_dylib;
				MACOSX_DEPLOYMENT_TARGET = 10.4;
				OPTIMIZATION_CFLAGS = "-O0";
				OTHER_LDFLAGS = (
					"-lssl",
					"-lcrypto",
					"-lkrb5",
					"-lpq",
					"-seg1addr",
					0xb0000000,
				);
				PREBINDING = NO;
				PRODUCT_NAME = pgCocoaDB;
				SDKROOT = /Developer/SDKs/MacOSX10.4u.sdk;
				SECTORDER_FLAGS = "";
				VERSIONING_SYSTEM = "";
				WARNING_CFLAGS = (
					"-Wmost",
					"-Wno-four-char-constants",
					"-Wno-unknown-pragmas",
				);
				WRAPPER_EXTENSION = framework;
				ZERO_LINK = YES;
			};
			name = Development;
		};
		43389A480869E11900D5B56D /* Deployment */ = {
			isa = XCBuildConfiguration;
			buildSettings = {
				ARCHS = (
					i386,
					ppc,
				);
				COPY_PHASE_STRIP = YES;
				DYLIB_COMPATIBILITY_VERSION = 1;
				DYLIB_CURRENT_VERSION = 1;
				FRAMEWORK_SEARCH_PATHS = "";
				FRAMEWORK_VERSION = A;
				GCC_ENABLE_FIX_AND_CONTINUE = NO;
				GCC_ENABLE_TRIGRAPHS = NO;
				GCC_GENERATE_DEBUGGING_SYMBOLS = NO;
				GCC_PRECOMPILE_PREFIX_HEADER = YES;
				GCC_PREFIX_HEADER = pgCocoaDB_Prefix.pch;
				GCC_WARN_ABOUT_MISSING_PROTOTYPES = NO;
				GCC_WARN_FOUR_CHARACTER_CONSTANTS = NO;
				GCC_WARN_UNKNOWN_PRAGMAS = NO;
				HEADER_SEARCH_PATHS = /opt/local/include;
				INFOPLIST_FILE = Info.plist;
				INSTALL_PATH = "@executable_path/../Frameworks";
				LIBRARY_SEARCH_PATHS = /opt/local/lib;
				LIBRARY_STYLE = Dynamic;
				MACH_O_TYPE = mh_dylib;
				MACOSX_DEPLOYMENT_TARGET = 10.4;
				OTHER_LDFLAGS = (
					"-lssl",
					"-lcrypto",
					"-lkrb5",
					"-lpq",
					"-seg1addr",
					0xb0000000,
				);
				PREBINDING = NO;
				PRODUCT_NAME = pgCocoaDB;
				SDKROOT = /Developer/SDKs/MacOSX10.4u.sdk;
				SECTORDER_FLAGS = "";
				VERSIONING_SYSTEM = "";
				WARNING_CFLAGS = (
					"-Wmost",
					"-Wno-four-char-constants",
					"-Wno-unknown-pragmas",
				);
				WRAPPER_EXTENSION = framework;
				ZERO_LINK = NO;
			};
			name = Deployment;
		};
		43389A490869E11900D5B56D /* Default */ = {
			isa = XCBuildConfiguration;
			buildSettings = {
				ARCHS = (
					i386,
					ppc,
				);
				DYLIB_COMPATIBILITY_VERSION = 1;
				DYLIB_CURRENT_VERSION = 1;
				FRAMEWORK_SEARCH_PATHS = "";
				FRAMEWORK_VERSION = A;
				GCC_ENABLE_TRIGRAPHS = NO;
				GCC_GENERATE_DEBUGGING_SYMBOLS = NO;
				GCC_PRECOMPILE_PREFIX_HEADER = YES;
				GCC_PREFIX_HEADER = pgCocoaDB_Prefix.pch;
				GCC_WARN_ABOUT_MISSING_PROTOTYPES = NO;
				GCC_WARN_FOUR_CHARACTER_CONSTANTS = NO;
				GCC_WARN_UNKNOWN_PRAGMAS = NO;
				HEADER_SEARCH_PATHS = /opt/local/include;
				INFOPLIST_FILE = Info.plist;
				INSTALL_PATH = "@executable_path/../Frameworks";
				LIBRARY_SEARCH_PATHS = /opt/local/lib;
				LIBRARY_STYLE = Dynamic;
				MACH_O_TYPE = mh_dylib;
				MACOSX_DEPLOYMENT_TARGET = 10.4;
				OTHER_LDFLAGS = (
					"-lssl",
					"-lcrypto",
					"-lkrb5",
					"-lpq",
					"-seg1addr",
					0xb0000000,
				);
				PREBINDING = NO;
				PRODUCT_NAME = pgCocoaDB;
				SDKROOT = /Developer/SDKs/MacOSX10.4u.sdk;
				SECTORDER_FLAGS = "";
				VERSIONING_SYSTEM = "";
				WARNING_CFLAGS = (
					"-Wmost",
					"-Wno-four-char-constants",
					"-Wno-unknown-pragmas",
				);
				WRAPPER_EXTENSION = framework;
			};
			name = Default;
		};
		43389A4B0869E11900D5B56D /* Development */ = {
			isa = XCBuildConfiguration;
			buildSettings = {
				ARCHS = (
					ppc,
					i386,
				);
				HEADER_SEARCH_PATHS = /opt/local/include;
				LIBRARY_SEARCH_PATHS = /opt/local/lib;
				MACOSX_DEPLOYMENT_TARGET = 10.4;
				SDKROOT = /Developer/SDKs/MacOSX10.4u.sdk;
			};
			name = Development;
		};
		43389A4C0869E11900D5B56D /* Deployment */ = {
			isa = XCBuildConfiguration;
			buildSettings = {
				ARCHS = (
					ppc,
					i386,
				);
				HEADER_SEARCH_PATHS = /opt/local/include;
				LIBRARY_SEARCH_PATHS = /opt/local/lib;
				MACOSX_DEPLOYMENT_TARGET = 10.4;
				PREBINDING = NO;
				SDKROOT = /Developer/SDKs/MacOSX10.4u.sdk;
			};
			name = Deployment;
		};
		43389A4D0869E11900D5B56D /* Default */ = {
			isa = XCBuildConfiguration;
			buildSettings = {
				ARCHS = (
					ppc,
					i386,
				);
				HEADER_SEARCH_PATHS = /opt/local/include;
				LIBRARY_SEARCH_PATHS = /opt/local/lib;
				MACOSX_DEPLOYMENT_TARGET = 10.4;
				SDKROOT = /Developer/SDKs/MacOSX10.4u.sdk;
			};
			name = Default;
		};
/* End XCBuildConfiguration section */

/* Begin XCConfigurationList section */
		43389A460869E11900D5B56D /* Build configuration list for PBXNativeTarget "pgCocoaDB" */ = {
			isa = XCConfigurationList;
			buildConfigurations = (
				43389A470869E11900D5B56D /* Development */,
				43389A480869E11900D5B56D /* Deployment */,
				43389A490869E11900D5B56D /* Default */,
			);
			defaultConfigurationIsVisible = 0;
			defaultConfigurationName = Default;
		};
		43389A4A0869E11900D5B56D /* Build configuration list for PBXProject "pgCocoaDB" */ = {
			isa = XCConfigurationList;
			buildConfigurations = (
				43389A4B0869E11900D5B56D /* Development */,
				43389A4C0869E11900D5B56D /* Deployment */,
				43389A4D0869E11900D5B56D /* Default */,
			);
			defaultConfigurationIsVisible = 0;
			defaultConfigurationName = Default;
		};
/* End XCConfigurationList section */
	};
	rootObject = 0867D690FE84028FC02AAC07 /* Project object */;
}
