// !$*UTF8*$!
{
	archiveVersion = 1;
	classes = {
	};
	objectVersion = 42;
	objects = {

/* Begin PBXBuildFile section */
		431F1BE10BB1721B00701090 /* SqlDocument.nib in Resources */ = {isa = PBXBuildFile; fileRef = 431F1BDB0BB1721B00701090 /* SqlDocument.nib */; };
		4327F01807CEB4AA00AB5CFE /* Help in Resources */ = {isa = PBXBuildFile; fileRef = 4327F01607CEB4AA00AB5CFE /* Help */; };
		4327F0B507CEBD0000AB5CFE /* about_32.png in Resources */ = {isa = PBXBuildFile; fileRef = 4327F0A307CEBD0000AB5CFE /* about_32.png */; };
		4327F0B607CEBD0000AB5CFE /* connect_32.png in Resources */ = {isa = PBXBuildFile; fileRef = 4327F0A407CEBD0000AB5CFE /* connect_32.png */; };
		4327F0B707CEBD0000AB5CFE /* connect_dlg.png in Resources */ = {isa = PBXBuildFile; fileRef = 4327F0A507CEBD0000AB5CFE /* connect_dlg.png */; };
		4327F0B807CEBD0000AB5CFE /* copy_32.png in Resources */ = {isa = PBXBuildFile; fileRef = 4327F0A607CEBD0000AB5CFE /* copy_32.png */; };
		4327F0B907CEBD0000AB5CFE /* cut_32.png in Resources */ = {isa = PBXBuildFile; fileRef = 4327F0A707CEBD0000AB5CFE /* cut_32.png */; };
		4327F0BA07CEBD0000AB5CFE /* disconnect_32.png in Resources */ = {isa = PBXBuildFile; fileRef = 4327F0A807CEBD0000AB5CFE /* disconnect_32.png */; };
		4327F0BB07CEBD0000AB5CFE /* export_data_32.png in Resources */ = {isa = PBXBuildFile; fileRef = 4327F0A907CEBD0000AB5CFE /* export_data_32.png */; };
		4327F0BC07CEBD0000AB5CFE /* icon_postgres.png in Resources */ = {isa = PBXBuildFile; fileRef = 4327F0AA07CEBD0000AB5CFE /* icon_postgres.png */; };
		4327F0BD07CEBD0000AB5CFE /* icon_query_tool.icns in Resources */ = {isa = PBXBuildFile; fileRef = 4327F0AB07CEBD0000AB5CFE /* icon_query_tool.icns */; };
		4327F0BE07CEBD0000AB5CFE /* open_32.png in Resources */ = {isa = PBXBuildFile; fileRef = 4327F0AC07CEBD0000AB5CFE /* open_32.png */; };
		4327F0BF07CEBD0000AB5CFE /* paste_32.png in Resources */ = {isa = PBXBuildFile; fileRef = 4327F0AD07CEBD0000AB5CFE /* paste_32.png */; };
		4327F0C007CEBD0000AB5CFE /* prefs_32.png in Resources */ = {isa = PBXBuildFile; fileRef = 4327F0AE07CEBD0000AB5CFE /* prefs_32.png */; };
		4327F0C107CEBD0000AB5CFE /* print_32.png in Resources */ = {isa = PBXBuildFile; fileRef = 4327F0AF07CEBD0000AB5CFE /* print_32.png */; };
		4327F0C207CEBD0000AB5CFE /* run_script_32.png in Resources */ = {isa = PBXBuildFile; fileRef = 4327F0B007CEBD0000AB5CFE /* run_script_32.png */; };
		4327F0C307CEBD0000AB5CFE /* savas_32.png in Resources */ = {isa = PBXBuildFile; fileRef = 4327F0B107CEBD0000AB5CFE /* savas_32.png */; };
		4327F0C407CEBD0000AB5CFE /* save_32.png in Resources */ = {isa = PBXBuildFile; fileRef = 4327F0B207CEBD0000AB5CFE /* save_32.png */; };
		4327F0C507CEBD0000AB5CFE /* sql-doc.icns in Resources */ = {isa = PBXBuildFile; fileRef = 4327F0B307CEBD0000AB5CFE /* sql-doc.icns */; };
		4327F0C607CEBD0000AB5CFE /* sql-doc.png in Resources */ = {isa = PBXBuildFile; fileRef = 4327F0B407CEBD0000AB5CFE /* sql-doc.png */; };
		4350CCBF0665349000244060 /* SqlDocument.h in Headers */ = {isa = PBXBuildFile; fileRef = 4350CCBB0665349000244060 /* SqlDocument.h */; };
		4350CCC00665349000244060 /* SqlDocument.m in Sources */ = {isa = PBXBuildFile; fileRef = 4350CCBC0665349000244060 /* SqlDocument.m */; };
		4350CD2E0665399300244060 /* SqlMenuCategory.h in Headers */ = {isa = PBXBuildFile; fileRef = 4350CD2C0665399300244060 /* SqlMenuCategory.h */; };
		4350CD2F0665399300244060 /* SqlMenuCategory.m in Sources */ = {isa = PBXBuildFile; fileRef = 4350CD2D0665399300244060 /* SqlMenuCategory.m */; };
		4350CE0A066540D500244060 /* SqlToolbarCategory.h in Headers */ = {isa = PBXBuildFile; fileRef = 4350CE08066540D500244060 /* SqlToolbarCategory.h */; };
		4350CE0B066540D500244060 /* SqlToolbarCategory.m in Sources */ = {isa = PBXBuildFile; fileRef = 4350CE09066540D500244060 /* SqlToolbarCategory.m */; };
		438CC5480BADD1DF00C69C7C /* AppController.h in Headers */ = {isa = PBXBuildFile; fileRef = 438CC53B0BADD1DF00C69C7C /* AppController.h */; };
		438CC5490BADD1DF00C69C7C /* AppController.m in Sources */ = {isa = PBXBuildFile; fileRef = 438CC53C0BADD1DF00C69C7C /* AppController.m */; };
		438CC54A0BADD1DF00C69C7C /* cancel_script_32.png in Resources */ = {isa = PBXBuildFile; fileRef = 438CC53D0BADD1DF00C69C7C /* cancel_script_32.png */; };
		438CC54B0BADD1DF00C69C7C /* ExecuteQueryThread.h in Headers */ = {isa = PBXBuildFile; fileRef = 438CC53E0BADD1DF00C69C7C /* ExecuteQueryThread.h */; };
		438CC54C0BADD1DF00C69C7C /* ExecuteQueryThread.m in Sources */ = {isa = PBXBuildFile; fileRef = 438CC53F0BADD1DF00C69C7C /* ExecuteQueryThread.m */; };
		438CC54D0BADD1DF00C69C7C /* MyOutlineView.h in Headers */ = {isa = PBXBuildFile; fileRef = 438CC5400BADD1DF00C69C7C /* MyOutlineView.h */; };
		438CC54E0BADD1DF00C69C7C /* MyOutlineView.m in Sources */ = {isa = PBXBuildFile; fileRef = 438CC5410BADD1DF00C69C7C /* MyOutlineView.m */; };
		438CC54F0BADD1DF00C69C7C /* MyResultsView.h in Headers */ = {isa = PBXBuildFile; fileRef = 438CC5420BADD1DF00C69C7C /* MyResultsView.h */; };
		438CC5500BADD1DF00C69C7C /* MyResultsView.m in Sources */ = {isa = PBXBuildFile; fileRef = 438CC5430BADD1DF00C69C7C /* MyResultsView.m */; };
		438CC5510BADD1DF00C69C7C /* PreferenceController.h in Headers */ = {isa = PBXBuildFile; fileRef = 438CC5440BADD1DF00C69C7C /* PreferenceController.h */; };
		438CC5520BADD1DF00C69C7C /* PreferenceController.m in Sources */ = {isa = PBXBuildFile; fileRef = 438CC5450BADD1DF00C69C7C /* PreferenceController.m */; };
		438CC5530BADD1DF00C69C7C /* QueryDataSource.h in Headers */ = {isa = PBXBuildFile; fileRef = 438CC5460BADD1DF00C69C7C /* QueryDataSource.h */; };
		438CC5540BADD1DF00C69C7C /* QueryDataSource.m in Sources */ = {isa = PBXBuildFile; fileRef = 438CC5470BADD1DF00C69C7C /* QueryDataSource.m */; };
		438CC6150BADD3B600C69C7C /* Preferences.nib in Resources */ = {isa = PBXBuildFile; fileRef = 438CC60F0BADD3B600C69C7C /* Preferences.nib */; };
		438CC61E0BADD40300C69C7C /* MainMenu.nib in Resources */ = {isa = PBXBuildFile; fileRef = 438CC6180BADD40300C69C7C /* MainMenu.nib */; };
		43B5F6400EC34EA400AE6451 /* pgCocoaDB.framework in CopyFiles */ = {isa = PBXBuildFile; fileRef = 43B5F63F0EC34E9E00AE6451 /* pgCocoaDB.framework */; };
		43CC25B90BD6830400C21D32 /* pgCocoaDB.framework in Frameworks */ = {isa = PBXBuildFile; fileRef = 43CC25AD0BD6830400C21D32 /* pgCocoaDB.framework */; };
		8D15AC290486D014006FF6A4 /* Query Tool for Postgres_Prefix.pch in Headers */ = {isa = PBXBuildFile; fileRef = 32DBCF750370BD2300C91783 /* Query Tool for Postgres_Prefix.pch */; };
		8D15AC2C0486D014006FF6A4 /* Credits.rtf in Resources */ = {isa = PBXBuildFile; fileRef = 2A37F4B9FDCFA73011CA2CEA /* Credits.rtf */; };
		8D15AC2F0486D014006FF6A4 /* InfoPlist.strings in Resources */ = {isa = PBXBuildFile; fileRef = 089C165FFE840EACC02AAC07 /* InfoPlist.strings */; };
		8D15AC320486D014006FF6A4 /* main.m in Sources */ = {isa = PBXBuildFile; fileRef = 2A37F4B0FDCFA73011CA2CEA /* main.m */; settings = {ATTRIBUTES = (); }; };
		8D15AC340486D014006FF6A4 /* Cocoa.framework in Frameworks */ = {isa = PBXBuildFile; fileRef = 1058C7A7FEA54F5311CA2CBB /* Cocoa.framework */; };
/* End PBXBuildFile section */

/* Begin PBXContainerItemProxy section */
		438570BB0F86D34F004D4D95 /* PBXContainerItemProxy */ = {
			isa = PBXContainerItemProxy;
			containerPortal = 43B5F6370EC34E9E00AE6451 /* pgCocoaDB.xcodeproj */;
			proxyType = 1;
			remoteGlobalIDString = 8DC2EF4F0486A6940098B216;
			remoteInfo = pgCocoaDB;
		};
		43B5F63E0EC34E9E00AE6451 /* PBXContainerItemProxy */ = {
			isa = PBXContainerItemProxy;
			containerPortal = 43B5F6370EC34E9E00AE6451 /* pgCocoaDB.xcodeproj */;
			proxyType = 2;
			remoteGlobalIDString = 8DC2EF5B0486A6940098B216;
			remoteInfo = pgCocoaDB;
		};
/* End PBXContainerItemProxy section */

/* Begin PBXCopyFilesBuildPhase section */
		4327F0CC07CEBD3500AB5CFE /* CopyFiles */ = {
			isa = PBXCopyFilesBuildPhase;
			buildActionMask = 2147483647;
			dstPath = "";
			dstSubfolderSpec = 10;
			files = (
				43B5F6400EC34EA400AE6451 /* pgCocoaDB.framework in CopyFiles */,
			);
			runOnlyForDeploymentPostprocessing = 0;
		};
/* End PBXCopyFilesBuildPhase section */

/* Begin PBXFileReference section */
		089C1660FE840EACC02AAC07 /* English */ = {isa = PBXFileReference; fileEncoding = 10; lastKnownFileType = text.plist.strings; name = English; path = English.lproj/InfoPlist.strings; sourceTree = "<group>"; };
		1058C7A7FEA54F5311CA2CBB /* Cocoa.framework */ = {isa = PBXFileReference; lastKnownFileType = wrapper.framework; name = Cocoa.framework; path = /System/Library/Frameworks/Cocoa.framework; sourceTree = "<absolute>"; };
		2A37F4B0FDCFA73011CA2CEA /* main.m */ = {isa = PBXFileReference; fileEncoding = 30; lastKnownFileType = sourcecode.c.objc; path = main.m; sourceTree = "<group>"; };
		2A37F4BAFDCFA73011CA2CEA /* English */ = {isa = PBXFileReference; lastKnownFileType = text.rtf; name = English; path = English.lproj/Credits.rtf; sourceTree = "<group>"; };
		2A37F4C4FDCFA73011CA2CEA /* AppKit.framework */ = {isa = PBXFileReference; lastKnownFileType = wrapper.framework; name = AppKit.framework; path = /System/Library/Frameworks/AppKit.framework; sourceTree = "<absolute>"; };
		2A37F4C5FDCFA73011CA2CEA /* Foundation.framework */ = {isa = PBXFileReference; lastKnownFileType = wrapper.framework; name = Foundation.framework; path = /System/Library/Frameworks/Foundation.framework; sourceTree = "<absolute>"; };
		32DBCF750370BD2300C91783 /* Query Tool for Postgres_Prefix.pch */ = {isa = PBXFileReference; fileEncoding = 4; lastKnownFileType = sourcecode.c.h; path = "Query Tool for Postgres_Prefix.pch"; sourceTree = "<group>"; };
		431F1BDC0BB1721B00701090 /* English */ = {isa = PBXFileReference; lastKnownFileType = wrapper.nib; name = English; path = English.lproj/SqlDocument.nib; sourceTree = "<group>"; };
		4327F01607CEB4AA00AB5CFE /* Help */ = {isa = PBXFileReference; lastKnownFileType = folder; path = Help; sourceTree = "<group>"; };
		4327F0A307CEBD0000AB5CFE /* about_32.png */ = {isa = PBXFileReference; lastKnownFileType = image.png; path = about_32.png; sourceTree = "<group>"; };
		4327F0A407CEBD0000AB5CFE /* connect_32.png */ = {isa = PBXFileReference; lastKnownFileType = image.png; path = connect_32.png; sourceTree = "<group>"; };
		4327F0A507CEBD0000AB5CFE /* connect_dlg.png */ = {isa = PBXFileReference; lastKnownFileType = image.png; path = connect_dlg.png; sourceTree = "<group>"; };
		4327F0A607CEBD0000AB5CFE /* copy_32.png */ = {isa = PBXFileReference; lastKnownFileType = image.png; path = copy_32.png; sourceTree = "<group>"; };
		4327F0A707CEBD0000AB5CFE /* cut_32.png */ = {isa = PBXFileReference; lastKnownFileType = image.png; path = cut_32.png; sourceTree = "<group>"; };
		4327F0A807CEBD0000AB5CFE /* disconnect_32.png */ = {isa = PBXFileReference; lastKnownFileType = image.png; path = disconnect_32.png; sourceTree = "<group>"; };
		4327F0A907CEBD0000AB5CFE /* export_data_32.png */ = {isa = PBXFileReference; lastKnownFileType = image.png; path = export_data_32.png; sourceTree = "<group>"; };
		4327F0AA07CEBD0000AB5CFE /* icon_postgres.png */ = {isa = PBXFileReference; lastKnownFileType = image.png; path = icon_postgres.png; sourceTree = "<group>"; };
		4327F0AB07CEBD0000AB5CFE /* icon_query_tool.icns */ = {isa = PBXFileReference; lastKnownFileType = image.icns; path = icon_query_tool.icns; sourceTree = "<group>"; };
		4327F0AC07CEBD0000AB5CFE /* open_32.png */ = {isa = PBXFileReference; lastKnownFileType = image.png; path = open_32.png; sourceTree = "<group>"; };
		4327F0AD07CEBD0000AB5CFE /* paste_32.png */ = {isa = PBXFileReference; lastKnownFileType = image.png; path = paste_32.png; sourceTree = "<group>"; };
		4327F0AE07CEBD0000AB5CFE /* prefs_32.png */ = {isa = PBXFileReference; lastKnownFileType = image.png; path = prefs_32.png; sourceTree = "<group>"; };
		4327F0AF07CEBD0000AB5CFE /* print_32.png */ = {isa = PBXFileReference; lastKnownFileType = image.png; path = print_32.png; sourceTree = "<group>"; };
		4327F0B007CEBD0000AB5CFE /* run_script_32.png */ = {isa = PBXFileReference; lastKnownFileType = image.png; path = run_script_32.png; sourceTree = "<group>"; };
		4327F0B107CEBD0000AB5CFE /* savas_32.png */ = {isa = PBXFileReference; lastKnownFileType = image.png; path = savas_32.png; sourceTree = "<group>"; };
		4327F0B207CEBD0000AB5CFE /* save_32.png */ = {isa = PBXFileReference; lastKnownFileType = image.png; path = save_32.png; sourceTree = "<group>"; };
		4327F0B307CEBD0000AB5CFE /* sql-doc.icns */ = {isa = PBXFileReference; lastKnownFileType = image.icns; path = "sql-doc.icns"; sourceTree = "<group>"; };
		4327F0B407CEBD0000AB5CFE /* sql-doc.png */ = {isa = PBXFileReference; lastKnownFileType = image.png; path = "sql-doc.png"; sourceTree = "<group>"; };
		4350CCBB0665349000244060 /* SqlDocument.h */ = {isa = PBXFileReference; fileEncoding = 30; lastKnownFileType = sourcecode.c.h; path = SqlDocument.h; sourceTree = "<group>"; };
		4350CCBC0665349000244060 /* SqlDocument.m */ = {isa = PBXFileReference; fileEncoding = 30; lastKnownFileType = sourcecode.c.objc; path = SqlDocument.m; sourceTree = "<group>"; };
		4350CD2C0665399300244060 /* SqlMenuCategory.h */ = {isa = PBXFileReference; fileEncoding = 4; lastKnownFileType = sourcecode.c.h; path = SqlMenuCategory.h; sourceTree = "<group>"; };
		4350CD2D0665399300244060 /* SqlMenuCategory.m */ = {isa = PBXFileReference; fileEncoding = 4; lastKnownFileType = sourcecode.c.objc; path = SqlMenuCategory.m; sourceTree = "<group>"; };
		4350CE08066540D500244060 /* SqlToolbarCategory.h */ = {isa = PBXFileReference; fileEncoding = 4; lastKnownFileType = sourcecode.c.h; path = SqlToolbarCategory.h; sourceTree = "<group>"; };
		4350CE09066540D500244060 /* SqlToolbarCategory.m */ = {isa = PBXFileReference; fileEncoding = 4; lastKnownFileType = sourcecode.c.objc; path = SqlToolbarCategory.m; sourceTree = "<group>"; };
		438CC53B0BADD1DF00C69C7C /* AppController.h */ = {isa = PBXFileReference; fileEncoding = 30; lastKnownFileType = sourcecode.c.h; path = AppController.h; sourceTree = "<group>"; };
		438CC53C0BADD1DF00C69C7C /* AppController.m */ = {isa = PBXFileReference; fileEncoding = 30; lastKnownFileType = sourcecode.c.objc; path = AppController.m; sourceTree = "<group>"; };
		438CC53D0BADD1DF00C69C7C /* cancel_script_32.png */ = {isa = PBXFileReference; lastKnownFileType = image.png; path = cancel_script_32.png; sourceTree = "<group>"; };
		438CC53E0BADD1DF00C69C7C /* ExecuteQueryThread.h */ = {isa = PBXFileReference; fileEncoding = 30; lastKnownFileType = sourcecode.c.h; path = ExecuteQueryThread.h; sourceTree = "<group>"; };
		438CC53F0BADD1DF00C69C7C /* ExecuteQueryThread.m */ = {isa = PBXFileReference; fileEncoding = 30; lastKnownFileType = sourcecode.c.objc; path = ExecuteQueryThread.m; sourceTree = "<group>"; };
		438CC5400BADD1DF00C69C7C /* MyOutlineView.h */ = {isa = PBXFileReference; fileEncoding = 30; lastKnownFileType = sourcecode.c.h; path = MyOutlineView.h; sourceTree = "<group>"; };
		438CC5410BADD1DF00C69C7C /* MyOutlineView.m */ = {isa = PBXFileReference; fileEncoding = 30; lastKnownFileType = sourcecode.c.objc; path = MyOutlineView.m; sourceTree = "<group>"; };
		438CC5420BADD1DF00C69C7C /* MyResultsView.h */ = {isa = PBXFileReference; fileEncoding = 30; lastKnownFileType = sourcecode.c.h; path = MyResultsView.h; sourceTree = "<group>"; };
		438CC5430BADD1DF00C69C7C /* MyResultsView.m */ = {isa = PBXFileReference; fileEncoding = 30; lastKnownFileType = sourcecode.c.objc; path = MyResultsView.m; sourceTree = "<group>"; };
		438CC5440BADD1DF00C69C7C /* PreferenceController.h */ = {isa = PBXFileReference; fileEncoding = 30; lastKnownFileType = sourcecode.c.h; path = PreferenceController.h; sourceTree = "<group>"; };
		438CC5450BADD1DF00C69C7C /* PreferenceController.m */ = {isa = PBXFileReference; fileEncoding = 30; lastKnownFileType = sourcecode.c.objc; path = PreferenceController.m; sourceTree = "<group>"; };
		438CC5460BADD1DF00C69C7C /* QueryDataSource.h */ = {isa = PBXFileReference; fileEncoding = 30; lastKnownFileType = sourcecode.c.h; path = QueryDataSource.h; sourceTree = "<group>"; };
		438CC5470BADD1DF00C69C7C /* QueryDataSource.m */ = {isa = PBXFileReference; fileEncoding = 30; lastKnownFileType = sourcecode.c.objc; path = QueryDataSource.m; sourceTree = "<group>"; };
		438CC6100BADD3B600C69C7C /* English */ = {isa = PBXFileReference; lastKnownFileType = wrapper.nib; name = English; path = English.lproj/Preferences.nib; sourceTree = "<group>"; };
		438CC6190BADD40300C69C7C /* English */ = {isa = PBXFileReference; lastKnownFileType = wrapper.nib; name = English; path = English.lproj/MainMenu.nib; sourceTree = "<group>"; };
		43B5F6370EC34E9E00AE6451 /* pgCocoaDB.xcodeproj */ = {isa = PBXFileReference; lastKnownFileType = "wrapper.pb-project"; name = pgCocoaDB.xcodeproj; path = ../pgCocoaDB/pgCocoaDB.xcodeproj; sourceTree = SOURCE_ROOT; };
		43CC25AD0BD6830400C21D32 /* pgCocoaDB.framework */ = {isa = PBXFileReference; lastKnownFileType = wrapper.framework; name = pgCocoaDB.framework; path = /Library/Frameworks/pgCocoaDB.framework; sourceTree = "<absolute>"; };
		8D15AC360486D014006FF6A4 /* Info.plist */ = {isa = PBXFileReference; fileEncoding = 4; lastKnownFileType = text.plist; path = Info.plist; sourceTree = "<group>"; };
		8D15AC370486D014006FF6A4 /* Query Tool for Postgres.app */ = {isa = PBXFileReference; explicitFileType = wrapper.application; includeInIndex = 0; path = "Query Tool for Postgres.app"; sourceTree = BUILT_PRODUCTS_DIR; };
/* End PBXFileReference section */

/* Begin PBXFrameworksBuildPhase section */
		8D15AC330486D014006FF6A4 /* Frameworks */ = {
			isa = PBXFrameworksBuildPhase;
			buildActionMask = 2147483647;
			files = (
				8D15AC340486D014006FF6A4 /* Cocoa.framework in Frameworks */,
				43CC25B90BD6830400C21D32 /* pgCocoaDB.framework in Frameworks */,
			);
			runOnlyForDeploymentPostprocessing = 0;
		};
/* End PBXFrameworksBuildPhase section */

/* Begin PBXGroup section */
		1058C7A6FEA54F5311CA2CBB /* Linked Frameworks */ = {
			isa = PBXGroup;
			children = (
				43CC25AD0BD6830400C21D32 /* pgCocoaDB.framework */,
				1058C7A7FEA54F5311CA2CBB /* Cocoa.framework */,
			);
			name = "Linked Frameworks";
			sourceTree = "<group>";
		};
		1058C7A8FEA54F5311CA2CBB /* Other Frameworks */ = {
			isa = PBXGroup;
			children = (
				2A37F4C5FDCFA73011CA2CEA /* Foundation.framework */,
				2A37F4C4FDCFA73011CA2CEA /* AppKit.framework */,
			);
			name = "Other Frameworks";
			sourceTree = "<group>";
		};
		19C28FB0FE9D524F11CA2CBB /* Products */ = {
			isa = PBXGroup;
			children = (
				8D15AC370486D014006FF6A4 /* Query Tool for Postgres.app */,
			);
			name = Products;
			sourceTree = "<group>";
		};
		2A37F4AAFDCFA73011CA2CEA /* Query Tool for Postgres */ = {
			isa = PBXGroup;
			children = (
				43B5F6370EC34E9E00AE6451 /* pgCocoaDB.xcodeproj */,
				2A37F4ABFDCFA73011CA2CEA /* Classes */,
				2A37F4AFFDCFA73011CA2CEA /* Other Sources */,
				2A37F4B8FDCFA73011CA2CEA /* Resources */,
				2A37F4C3FDCFA73011CA2CEA /* Frameworks */,
				19C28FB0FE9D524F11CA2CBB /* Products */,
			);
			name = "Query Tool for Postgres";
			sourceTree = "<group>";
		};
		2A37F4ABFDCFA73011CA2CEA /* Classes */ = {
			isa = PBXGroup;
			children = (
				438CC53B0BADD1DF00C69C7C /* AppController.h */,
				438CC53C0BADD1DF00C69C7C /* AppController.m */,
				438CC53E0BADD1DF00C69C7C /* ExecuteQueryThread.h */,
				438CC53F0BADD1DF00C69C7C /* ExecuteQueryThread.m */,
				438CC5400BADD1DF00C69C7C /* MyOutlineView.h */,
				438CC5410BADD1DF00C69C7C /* MyOutlineView.m */,
				438CC5420BADD1DF00C69C7C /* MyResultsView.h */,
				438CC5430BADD1DF00C69C7C /* MyResultsView.m */,
				438CC5440BADD1DF00C69C7C /* PreferenceController.h */,
				438CC5450BADD1DF00C69C7C /* PreferenceController.m */,
				438CC5460BADD1DF00C69C7C /* QueryDataSource.h */,
				438CC5470BADD1DF00C69C7C /* QueryDataSource.m */,
				4350CCBB0665349000244060 /* SqlDocument.h */,
				4350CCBC0665349000244060 /* SqlDocument.m */,
				4350CD2C0665399300244060 /* SqlMenuCategory.h */,
				4350CD2D0665399300244060 /* SqlMenuCategory.m */,
				4350CE08066540D500244060 /* SqlToolbarCategory.h */,
				4350CE09066540D500244060 /* SqlToolbarCategory.m */,
			);
			name = Classes;
			sourceTree = "<group>";
		};
		2A37F4AFFDCFA73011CA2CEA /* Other Sources */ = {
			isa = PBXGroup;
			children = (
				32DBCF750370BD2300C91783 /* Query Tool for Postgres_Prefix.pch */,
				2A37F4B0FDCFA73011CA2CEA /* main.m */,
			);
			name = "Other Sources";
			sourceTree = "<group>";
		};
		2A37F4B8FDCFA73011CA2CEA /* Resources */ = {
			isa = PBXGroup;
			children = (
				431F1BDB0BB1721B00701090 /* SqlDocument.nib */,
				438CC6180BADD40300C69C7C /* MainMenu.nib */,
				438CC60F0BADD3B600C69C7C /* Preferences.nib */,
				438CC53D0BADD1DF00C69C7C /* cancel_script_32.png */,
				4327F0A307CEBD0000AB5CFE /* about_32.png */,
				4327F0A407CEBD0000AB5CFE /* connect_32.png */,
				4327F0A507CEBD0000AB5CFE /* connect_dlg.png */,
				4327F0A607CEBD0000AB5CFE /* copy_32.png */,
				4327F0A707CEBD0000AB5CFE /* cut_32.png */,
				4327F0A807CEBD0000AB5CFE /* disconnect_32.png */,
				4327F0A907CEBD0000AB5CFE /* export_data_32.png */,
				4327F0AA07CEBD0000AB5CFE /* icon_postgres.png */,
				4327F0AB07CEBD0000AB5CFE /* icon_query_tool.icns */,
				4327F0AC07CEBD0000AB5CFE /* open_32.png */,
				4327F0AD07CEBD0000AB5CFE /* paste_32.png */,
				4327F0AE07CEBD0000AB5CFE /* prefs_32.png */,
				4327F0AF07CEBD0000AB5CFE /* print_32.png */,
				4327F0B007CEBD0000AB5CFE /* run_script_32.png */,
				4327F0B107CEBD0000AB5CFE /* savas_32.png */,
				4327F0B207CEBD0000AB5CFE /* save_32.png */,
				4327F0B307CEBD0000AB5CFE /* sql-doc.icns */,
				4327F0B407CEBD0000AB5CFE /* sql-doc.png */,
				4327F01607CEB4AA00AB5CFE /* Help */,
				2A37F4B9FDCFA73011CA2CEA /* Credits.rtf */,
				8D15AC360486D014006FF6A4 /* Info.plist */,
				089C165FFE840EACC02AAC07 /* InfoPlist.strings */,
			);
			name = Resources;
			sourceTree = "<group>";
		};
		2A37F4C3FDCFA73011CA2CEA /* Frameworks */ = {
			isa = PBXGroup;
			children = (
				1058C7A6FEA54F5311CA2CBB /* Linked Frameworks */,
				1058C7A8FEA54F5311CA2CBB /* Other Frameworks */,
			);
			name = Frameworks;
			sourceTree = "<group>";
		};
		43B5F6380EC34E9E00AE6451 /* Products */ = {
			isa = PBXGroup;
			children = (
				43B5F63F0EC34E9E00AE6451 /* pgCocoaDB.framework */,
			);
			name = Products;
			sourceTree = "<group>";
		};
/* End PBXGroup section */

/* Begin PBXHeadersBuildPhase section */
		8D15AC280486D014006FF6A4 /* Headers */ = {
			isa = PBXHeadersBuildPhase;
			buildActionMask = 2147483647;
			files = (
				8D15AC290486D014006FF6A4 /* Query Tool for Postgres_Prefix.pch in Headers */,
				4350CCBF0665349000244060 /* SqlDocument.h in Headers */,
				4350CD2E0665399300244060 /* SqlMenuCategory.h in Headers */,
				4350CE0A066540D500244060 /* SqlToolbarCategory.h in Headers */,
				438CC5480BADD1DF00C69C7C /* AppController.h in Headers */,
				438CC54B0BADD1DF00C69C7C /* ExecuteQueryThread.h in Headers */,
				438CC54D0BADD1DF00C69C7C /* MyOutlineView.h in Headers */,
				438CC54F0BADD1DF00C69C7C /* MyResultsView.h in Headers */,
				438CC5510BADD1DF00C69C7C /* PreferenceController.h in Headers */,
				438CC5530BADD1DF00C69C7C /* QueryDataSource.h in Headers */,
			);
			runOnlyForDeploymentPostprocessing = 0;
		};
/* End PBXHeadersBuildPhase section */

/* Begin PBXNativeTarget section */
		8D15AC270486D014006FF6A4 /* Query Tool for Postgres */ = {
			isa = PBXNativeTarget;
			buildConfigurationList = 439C659A08ECF07900469809 /* Build configuration list for PBXNativeTarget "Query Tool for Postgres" */;
			buildPhases = (
				8D15AC280486D014006FF6A4 /* Headers */,
				8D15AC2B0486D014006FF6A4 /* Resources */,
				8D15AC300486D014006FF6A4 /* Sources */,
				8D15AC330486D014006FF6A4 /* Frameworks */,
				4327F0CC07CEBD3500AB5CFE /* CopyFiles */,
			);
			buildRules = (
			);
			dependencies = (
				438570BC0F86D34F004D4D95 /* PBXTargetDependency */,
			);
			name = "Query Tool for Postgres";
			productInstallPath = "$(HOME)/Applications";
			productName = "Query Tool for Postgres";
			productReference = 8D15AC370486D014006FF6A4 /* Query Tool for Postgres.app */;
			productType = "com.apple.product-type.application";
		};
/* End PBXNativeTarget section */

/* Begin PBXProject section */
		2A37F4A9FDCFA73011CA2CEA /* Project object */ = {
			isa = PBXProject;
			buildConfigurationList = 439C659E08ECF07900469809 /* Build configuration list for PBXProject "Query Tool for Postgres" */;
			compatibilityVersion = "Xcode 2.4";
			hasScannedForEncodings = 1;
			mainGroup = 2A37F4AAFDCFA73011CA2CEA /* Query Tool for Postgres */;
			projectDirPath = "";
			projectReferences = (
				{
					ProductGroup = 43B5F6380EC34E9E00AE6451 /* Products */;
					ProjectRef = 43B5F6370EC34E9E00AE6451 /* pgCocoaDB.xcodeproj */;
				},
			);
			projectRoot = "";
			targets = (
				8D15AC270486D014006FF6A4 /* Query Tool for Postgres */,
			);
		};
/* End PBXProject section */

/* Begin PBXReferenceProxy section */
		43B5F63F0EC34E9E00AE6451 /* pgCocoaDB.framework */ = {
			isa = PBXReferenceProxy;
			fileType = wrapper.framework;
			path = pgCocoaDB.framework;
			remoteRef = 43B5F63E0EC34E9E00AE6451 /* PBXContainerItemProxy */;
			sourceTree = BUILT_PRODUCTS_DIR;
		};
/* End PBXReferenceProxy section */

/* Begin PBXResourcesBuildPhase section */
		8D15AC2B0486D014006FF6A4 /* Resources */ = {
			isa = PBXResourcesBuildPhase;
			buildActionMask = 2147483647;
			files = (
				8D15AC2C0486D014006FF6A4 /* Credits.rtf in Resources */,
				8D15AC2F0486D014006FF6A4 /* InfoPlist.strings in Resources */,
				4327F01807CEB4AA00AB5CFE /* Help in Resources */,
				4327F0B507CEBD0000AB5CFE /* about_32.png in Resources */,
				4327F0B607CEBD0000AB5CFE /* connect_32.png in Resources */,
				4327F0B707CEBD0000AB5CFE /* connect_dlg.png in Resources */,
				4327F0B807CEBD0000AB5CFE /* copy_32.png in Resources */,
				4327F0B907CEBD0000AB5CFE /* cut_32.png in Resources */,
				4327F0BA07CEBD0000AB5CFE /* disconnect_32.png in Resources */,
				4327F0BB07CEBD0000AB5CFE /* export_data_32.png in Resources */,
				4327F0BC07CEBD0000AB5CFE /* icon_postgres.png in Resources */,
				4327F0BD07CEBD0000AB5CFE /* icon_query_tool.icns in Resources */,
				4327F0BE07CEBD0000AB5CFE /* open_32.png in Resources */,
				4327F0BF07CEBD0000AB5CFE /* paste_32.png in Resources */,
				4327F0C007CEBD0000AB5CFE /* prefs_32.png in Resources */,
				4327F0C107CEBD0000AB5CFE /* print_32.png in Resources */,
				4327F0C207CEBD0000AB5CFE /* run_script_32.png in Resources */,
				4327F0C307CEBD0000AB5CFE /* savas_32.png in Resources */,
				4327F0C407CEBD0000AB5CFE /* save_32.png in Resources */,
				4327F0C507CEBD0000AB5CFE /* sql-doc.icns in Resources */,
				4327F0C607CEBD0000AB5CFE /* sql-doc.png in Resources */,
				438CC54A0BADD1DF00C69C7C /* cancel_script_32.png in Resources */,
				438CC6150BADD3B600C69C7C /* Preferences.nib in Resources */,
				438CC61E0BADD40300C69C7C /* MainMenu.nib in Resources */,
				431F1BE10BB1721B00701090 /* SqlDocument.nib in Resources */,
			);
			runOnlyForDeploymentPostprocessing = 0;
		};
/* End PBXResourcesBuildPhase section */

/* Begin PBXSourcesBuildPhase section */
		8D15AC300486D014006FF6A4 /* Sources */ = {
			isa = PBXSourcesBuildPhase;
			buildActionMask = 2147483647;
			files = (
				8D15AC320486D014006FF6A4 /* main.m in Sources */,
				4350CCC00665349000244060 /* SqlDocument.m in Sources */,
				4350CD2F0665399300244060 /* SqlMenuCategory.m in Sources */,
				4350CE0B066540D500244060 /* SqlToolbarCategory.m in Sources */,
				438CC5490BADD1DF00C69C7C /* AppController.m in Sources */,
				438CC54C0BADD1DF00C69C7C /* ExecuteQueryThread.m in Sources */,
				438CC54E0BADD1DF00C69C7C /* MyOutlineView.m in Sources */,
				438CC5500BADD1DF00C69C7C /* MyResultsView.m in Sources */,
				438CC5520BADD1DF00C69C7C /* PreferenceController.m in Sources */,
				438CC5540BADD1DF00C69C7C /* QueryDataSource.m in Sources */,
			);
			runOnlyForDeploymentPostprocessing = 0;
		};
/* End PBXSourcesBuildPhase section */

/* Begin PBXTargetDependency section */
		438570BC0F86D34F004D4D95 /* PBXTargetDependency */ = {
			isa = PBXTargetDependency;
			name = pgCocoaDB;
			targetProxy = 438570BB0F86D34F004D4D95 /* PBXContainerItemProxy */;
		};
/* End PBXTargetDependency section */

/* Begin PBXVariantGroup section */
		089C165FFE840EACC02AAC07 /* InfoPlist.strings */ = {
			isa = PBXVariantGroup;
			children = (
				089C1660FE840EACC02AAC07 /* English */,
			);
			name = InfoPlist.strings;
			sourceTree = "<group>";
		};
		2A37F4B9FDCFA73011CA2CEA /* Credits.rtf */ = {
			isa = PBXVariantGroup;
			children = (
				2A37F4BAFDCFA73011CA2CEA /* English */,
			);
			name = Credits.rtf;
			sourceTree = "<group>";
		};
		431F1BDB0BB1721B00701090 /* SqlDocument.nib */ = {
			isa = PBXVariantGroup;
			children = (
				431F1BDC0BB1721B00701090 /* English */,
			);
			name = SqlDocument.nib;
			sourceTree = "<group>";
		};
		438CC60F0BADD3B600C69C7C /* Preferences.nib */ = {
			isa = PBXVariantGroup;
			children = (
				438CC6100BADD3B600C69C7C /* English */,
			);
			name = Preferences.nib;
			sourceTree = "<group>";
		};
		438CC6180BADD40300C69C7C /* MainMenu.nib */ = {
			isa = PBXVariantGroup;
			children = (
				438CC6190BADD40300C69C7C /* English */,
			);
			name = MainMenu.nib;
			sourceTree = "<group>";
		};
/* End PBXVariantGroup section */

/* Begin XCBuildConfiguration section */
		439C659B08ECF07900469809 /* Development */ = {
			isa = XCBuildConfiguration;
			buildSettings = {
				ARCHS = (
					ppc,
					i386,
				);
				COPY_PHASE_STRIP = NO;
				DEBUGGING_SYMBOLS = YES;
				FRAMEWORK_SEARCH_PATHS = "";
				GCC_DYNAMIC_NO_PIC = NO;
				GCC_ENABLE_FIX_AND_CONTINUE = YES;
				GCC_ENABLE_TRIGRAPHS = NO;
				GCC_GENERATE_DEBUGGING_SYMBOLS = YES;
				GCC_OPTIMIZATION_LEVEL = 0;
				GCC_PRECOMPILE_PREFIX_HEADER = YES;
				GCC_PREFIX_HEADER = "Query Tool for Postgres_Prefix.pch";
				GCC_WARN_ABOUT_MISSING_PROTOTYPES = NO;
				GCC_WARN_FOUR_CHARACTER_CONSTANTS = NO;
				GCC_WARN_UNKNOWN_PRAGMAS = NO;
				HEADER_SEARCH_PATHS = "";
				INFOPLIST_FILE = Info.plist;
				INSTALL_PATH = "$(HOME)/Applications";
				LIBRARY_SEARCH_PATHS = "";
				OTHER_CFLAGS = "";
				OTHER_LDFLAGS = "";
				PREBINDING = NO;
				PRODUCT_NAME = "Query Tool for Postgres";
				SECTORDER_FLAGS = "";
				WARNING_CFLAGS = (
					"-Wmost",
					"-Wno-four-char-constants",
					"-Wno-unknown-pragmas",
				);
				WRAPPER_EXTENSION = app;
				ZERO_LINK = YES;
			};
			name = Development;
		};
		439C659C08ECF07900469809 /* Release */ = {
			isa = XCBuildConfiguration;
			buildSettings = {
				ARCHS = (
					ppc,
					i386,
				);
				COPY_PHASE_STRIP = YES;
				FRAMEWORK_SEARCH_PATHS = "";
				GCC_ENABLE_FIX_AND_CONTINUE = NO;
				GCC_ENABLE_TRIGRAPHS = NO;
				GCC_GENERATE_DEBUGGING_SYMBOLS = NO;
				GCC_PRECOMPILE_PREFIX_HEADER = YES;
				GCC_PREFIX_HEADER = "Query Tool for Postgres_Prefix.pch";
				GCC_WARN_ABOUT_MISSING_PROTOTYPES = NO;
				GCC_WARN_FOUR_CHARACTER_CONSTANTS = NO;
				GCC_WARN_UNKNOWN_PRAGMAS = NO;
				HEADER_SEARCH_PATHS = "";
				INFOPLIST_FILE = Info.plist;
				INSTALL_PATH = "$(HOME)/Applications";
				LIBRARY_SEARCH_PATHS = "";
				OTHER_CFLAGS = "";
				OTHER_LDFLAGS = "";
				PREBINDING = NO;
				PRODUCT_NAME = "Query Tool for Postgres";
				SECTORDER_FLAGS = "";
				WARNING_CFLAGS = (
					"-Wmost",
					"-Wno-four-char-constants",
					"-Wno-unknown-pragmas",
				);
				WRAPPER_EXTENSION = app;
				ZERO_LINK = NO;
			};
			name = Release;
		};
		439C659D08ECF07900469809 /* Default */ = {
			isa = XCBuildConfiguration;
			buildSettings = {
				ARCHS = (
					ppc,
					i386,
				);
				FRAMEWORK_SEARCH_PATHS = "";
				GCC_ENABLE_TRIGRAPHS = NO;
				GCC_GENERATE_DEBUGGING_SYMBOLS = NO;
				GCC_PRECOMPILE_PREFIX_HEADER = YES;
				GCC_PREFIX_HEADER = "Query Tool for Postgres_Prefix.pch";
				GCC_WARN_ABOUT_MISSING_PROTOTYPES = NO;
				GCC_WARN_FOUR_CHARACTER_CONSTANTS = NO;
				GCC_WARN_UNKNOWN_PRAGMAS = NO;
				HEADER_SEARCH_PATHS = "";
				INFOPLIST_FILE = Info.plist;
				INSTALL_PATH = "$(HOME)/Applications";
				LIBRARY_SEARCH_PATHS = "";
				OTHER_CFLAGS = "";
				OTHER_LDFLAGS = "";
				PREBINDING = NO;
				PRODUCT_NAME = "Query Tool for Postgres";
				SECTORDER_FLAGS = "";
				WARNING_CFLAGS = (
					"-Wmost",
					"-Wno-four-char-constants",
					"-Wno-unknown-pragmas",
				);
				WRAPPER_EXTENSION = app;
			};
			name = Default;
		};
		439C659F08ECF07900469809 /* Development */ = {
			isa = XCBuildConfiguration;
			buildSettings = {
				ARCHS = (
					ppc,
					i386,
				);
				MACOSX_DEPLOYMENT_TARGET = 10.4;
				SDKROOT = /Developer/SDKs/MacOSX10.4u.sdk;
			};
			name = Development;
		};
		439C65A008ECF07900469809 /* Release */ = {
			isa = XCBuildConfiguration;
			buildSettings = {
				ARCHS = i386;
				MACOSX_DEPLOYMENT_TARGET = 10.4;
				SDKROOT = /Developer/SDKs/MacOSX10.4u.sdk;
			};
			name = Release;
		};
		439C65A108ECF07900469809 /* Default */ = {
			isa = XCBuildConfiguration;
			buildSettings = {
				ARCHS = (
					ppc,
					i386,
				);
				MACOSX_DEPLOYMENT_TARGET = 10.4;
				SDKROOT = /Developer/SDKs/MacOSX10.4u.sdk;
			};
			name = Default;
		};
/* End XCBuildConfiguration section */

/* Begin XCConfigurationList section */
		439C659A08ECF07900469809 /* Build configuration list for PBXNativeTarget "Query Tool for Postgres" */ = {
			isa = XCConfigurationList;
			buildConfigurations = (
				439C659B08ECF07900469809 /* Development */,
				439C659C08ECF07900469809 /* Release */,
				439C659D08ECF07900469809 /* Default */,
			);
			defaultConfigurationIsVisible = 0;
			defaultConfigurationName = Default;
		};
		439C659E08ECF07900469809 /* Build configuration list for PBXProject "Query Tool for Postgres" */ = {
			isa = XCConfigurationList;
			buildConfigurations = (
				439C659F08ECF07900469809 /* Development */,
				439C65A008ECF07900469809 /* Release */,
				439C65A108ECF07900469809 /* Default */,
			);
			defaultConfigurationIsVisible = 0;
			defaultConfigurationName = Default;
		};
/* End XCConfigurationList section */
	};
	rootObject = 2A37F4A9FDCFA73011CA2CEA /* Project object */;
}
