// !$*UTF8*$!
{
	archiveVersion = 1;
	classes = {
	};
	objectVersion = 39;
	objects = {
		080E96DDFE201D6D7F000001 = {
			children = (
				43C4E7A205C8344A00B92B88,
				43C4E7A305C8344A00B92B88,
				43927B3A05C8C58C009FBD73,
				43927B3B05C8C58C009FBD73,
				43FA561205C9EDB900A738DA,
				43FA561305C9EDB900A738DA,
				43927B8D05C8D4A7009FBD73,
				43927B8E05C8D4A7009FBD73,
			);
			isa = PBXGroup;
			name = Classes;
			refType = 4;
			sourceTree = "<group>";
		};
		089C165CFE840E0CC02AAC07 = {
			children = (
				089C165DFE840E0CC02AAC07,
			);
			isa = PBXVariantGroup;
			name = InfoPlist.strings;
			refType = 4;
			sourceTree = "<group>";
		};
		089C165DFE840E0CC02AAC07 = {
			fileEncoding = 10;
			isa = PBXFileReference;
			lastKnownFileType = text.plist.strings;
			name = English;
			path = English.lproj/InfoPlist.strings;
			refType = 4;
			sourceTree = "<group>";
		};
//080
//081
//082
//083
//084
//100
//101
//102
//103
//104
		1058C7A0FEA54F0111CA2CBB = {
			children = (
				43C1BE81063E0A5E00B55BBB,
				1058C7A1FEA54F0111CA2CBB,
			);
			isa = PBXGroup;
			name = "Linked Frameworks";
			refType = 4;
			sourceTree = "<group>";
		};
		1058C7A1FEA54F0111CA2CBB = {
			isa = PBXFileReference;
			lastKnownFileType = wrapper.framework;
			name = Cocoa.framework;
			path = /System/Library/Frameworks/Cocoa.framework;
			refType = 0;
			sourceTree = "<absolute>";
		};
		1058C7A2FEA54F0111CA2CBB = {
			children = (
				29B97325FDCFA39411CA2CEA,
				29B97324FDCFA39411CA2CEA,
			);
			isa = PBXGroup;
			name = "Other Frameworks";
			refType = 4;
			sourceTree = "<group>";
		};
//100
//101
//102
//103
//104
//190
//191
//192
//193
//194
		19C28FACFE9D520D11CA2CBB = {
			children = (
				8D1107320486CEB800E47090,
			);
			isa = PBXGroup;
			name = Products;
			refType = 4;
			sourceTree = "<group>";
		};
//190
//191
//192
//193
//194
//290
//291
//292
//293
//294
		29B97313FDCFA39411CA2CEA = {
			buildSettings = {
			};
			buildStyles = (
				4A9504CCFFE6A4B311CA0CBA,
				4A9504CDFFE6A4B311CA0CBA,
			);
			hasScannedForEncodings = 1;
			isa = PBXProject;
			mainGroup = 29B97314FDCFA39411CA2CEA;
			projectDirPath = "";
			projectReferences = (
				{
					ProductGroup = 4324A91F07B7C6C1000481FF;
					ProjectRef = 4340349F06D3C8B3007C9FD4;
				},
			);
			targets = (
				8D1107260486CEB800E47090,
			);
		};
		29B97314FDCFA39411CA2CEA = {
			children = (
				080E96DDFE201D6D7F000001,
				29B97315FDCFA39411CA2CEA,
				29B97317FDCFA39411CA2CEA,
				29B97323FDCFA39411CA2CEA,
				19C28FACFE9D520D11CA2CBB,
				4340349F06D3C8B3007C9FD4,
			);
			isa = PBXGroup;
			name = "Service Manager";
			path = "";
			refType = 4;
			sourceTree = "<group>";
		};
		29B97315FDCFA39411CA2CEA = {
			children = (
				32CA4F630368D1EE00C91783,
				29B97316FDCFA39411CA2CEA,
			);
			isa = PBXGroup;
			name = "Other Sources";
			path = "";
			refType = 4;
			sourceTree = "<group>";
		};
		29B97316FDCFA39411CA2CEA = {
			fileEncoding = 30;
			isa = PBXFileReference;
			lastKnownFileType = sourcecode.c.objc;
			path = main.m;
			refType = 4;
			sourceTree = "<group>";
		};
		29B97317FDCFA39411CA2CEA = {
			children = (
				8D1107310486CEB800E47090,
				089C165CFE840E0CC02AAC07,
				29B97318FDCFA39411CA2CEA,
				437F124905C964850085F179,
				437F125305C9648F0085F179,
				437F125505C964950085F179,
				437F125705C9649B0085F179,
				437F125905C964A10085F179,
				437F125B05C964A90085F179,
				437F125D05C964AE0085F179,
				437F125F05C964B60085F179,
				4324A95807B7C750000481FF,
			);
			isa = PBXGroup;
			name = Resources;
			path = "";
			refType = 4;
			sourceTree = "<group>";
		};
		29B97318FDCFA39411CA2CEA = {
			children = (
				29B97319FDCFA39411CA2CEA,
			);
			isa = PBXVariantGroup;
			name = MainMenu.nib;
			path = "";
			refType = 4;
			sourceTree = "<group>";
		};
		29B97319FDCFA39411CA2CEA = {
			isa = PBXFileReference;
			lastKnownFileType = wrapper.nib;
			name = English;
			path = English.lproj/MainMenu.nib;
			refType = 4;
			sourceTree = "<group>";
		};
		29B97323FDCFA39411CA2CEA = {
			children = (
				1058C7A0FEA54F0111CA2CBB,
				1058C7A2FEA54F0111CA2CBB,
			);
			isa = PBXGroup;
			name = Frameworks;
			path = "";
			refType = 4;
			sourceTree = "<group>";
		};
		29B97324FDCFA39411CA2CEA = {
			isa = PBXFileReference;
			lastKnownFileType = wrapper.framework;
			name = AppKit.framework;
			path = /System/Library/Frameworks/AppKit.framework;
			refType = 0;
			sourceTree = "<absolute>";
		};
		29B97325FDCFA39411CA2CEA = {
			isa = PBXFileReference;
			lastKnownFileType = wrapper.framework;
			name = Foundation.framework;
			path = /System/Library/Frameworks/Foundation.framework;
			refType = 0;
			sourceTree = "<absolute>";
		};
//290
//291
//292
//293
//294
//320
//321
//322
//323
//324
		32CA4F630368D1EE00C91783 = {
			fileEncoding = 4;
			isa = PBXFileReference;
			lastKnownFileType = sourcecode.c.h;
			path = "Service Manager_Prefix.pch";
			refType = 4;
			sourceTree = "<group>";
		};
//320
//321
//322
//323
//324
//430
//431
//432
//433
//434
		4324A91F07B7C6C1000481FF = {
			children = (
				4324A92007B7C6C1000481FF,
			);
			isa = PBXGroup;
			name = Products;
			refType = 4;
			sourceTree = "<group>";
		};
		4324A92007B7C6C1000481FF = {
			fileType = "compiled.mach-o.executable";
			isa = PBXReferenceProxy;
			path = StartupHelper;
			refType = 3;
			remoteRef = 4324A92207B7C6D1000481FF;
			sourceTree = BUILT_PRODUCTS_DIR;
		};
		4324A92207B7C6D1000481FF = {
			containerPortal = 4340349F06D3C8B3007C9FD4;
			isa = PBXContainerItemProxy;
			proxyType = 2;
			remoteGlobalIDString = 8DD76FB20486AB0100D96B5E;
			remoteInfo = StartupHelper;
		};
		4324A94707B7C6DE000481FF = {
			containerPortal = 4340349F06D3C8B3007C9FD4;
			isa = PBXContainerItemProxy;
			proxyType = 1;
			remoteGlobalIDString = 8DD76FA90486AB0100D96B5E;
			remoteInfo = StartupHelper;
		};
		4324A94807B7C6DE000481FF = {
			isa = PBXTargetDependency;
			name = "StartupHelper (from StartupHelper.xcode)";
			targetProxy = 4324A94707B7C6DE000481FF;
		};
		4324A95807B7C750000481FF = {
			isa = PBXFileReference;
			lastKnownFileType = "compiled.mach-o.executable";
			name = StartupHelper;
			path = ../../StartupHelper/build/StartupHelper;
			refType = 3;
			sourceTree = BUILT_PRODUCTS_DIR;
		};
		4324A95907B7C750000481FF = {
			fileRef = 4324A95807B7C750000481FF;
			isa = PBXBuildFile;
			settings = {
			};
		};
		4340349F06D3C8B3007C9FD4 = {
			isa = PBXFileReference;
			lastKnownFileType = "wrapper.pb-project";
			name = StartupHelper.xcode;
			path = ../StartupHelper/StartupHelper.xcode;
			refType = 2;
			sourceTree = SOURCE_ROOT;
		};
		434034AF06D3C95E007C9FD4 = {
			buildActionMask = 2147483647;
			dstPath = "";
			dstSubfolderSpec = 7;
			files = (
			);
			isa = PBXCopyFilesBuildPhase;
			runOnlyForDeploymentPostprocessing = 0;
		};
		437F124905C964850085F179 = {
			isa = PBXFileReference;
			lastKnownFileType = image.png;
			name = restart.png;
			path = images/restart.png;
			refType = 4;
			sourceTree = "<group>";
		};
		437F124A05C964850085F179 = {
			fileRef = 437F124905C964850085F179;
			isa = PBXBuildFile;
			settings = {
			};
		};
		437F125305C9648F0085F179 = {
			isa = PBXFileReference;
			lastKnownFileType = image.png;
			name = start.png;
			path = images/start.png;
			refType = 4;
			sourceTree = "<group>";
		};
		437F125405C9648F0085F179 = {
			fileRef = 437F125305C9648F0085F179;
			isa = PBXBuildFile;
			settings = {
			};
		};
		437F125505C964950085F179 = {
			isa = PBXFileReference;
			lastKnownFileType = image.png;
			name = stop.png;
			path = images/stop.png;
			refType = 4;
			sourceTree = "<group>";
		};
		437F125605C964950085F179 = {
			fileRef = 437F125505C964950085F179;
			isa = PBXBuildFile;
			settings = {
			};
		};
		437F125705C9649B0085F179 = {
			isa = PBXFileReference;
			lastKnownFileType = image.icns;
			name = "Xserve 42U.icns";
			path = "images/Xserve 42U.icns";
			refType = 4;
			sourceTree = "<group>";
		};
		437F125805C9649B0085F179 = {
			fileRef = 437F125705C9649B0085F179;
			isa = PBXBuildFile;
			settings = {
			};
		};
		437F125905C964A10085F179 = {
			isa = PBXFileReference;
			lastKnownFileType = image.png;
			name = "xserve-alert.png";
			path = "images/xserve-alert.png";
			refType = 4;
			sourceTree = "<group>";
		};
		437F125A05C964A10085F179 = {
			fileRef = 437F125905C964A10085F179;
			isa = PBXBuildFile;
			settings = {
			};
		};
		437F125B05C964A90085F179 = {
			isa = PBXFileReference;
			lastKnownFileType = image.png;
			name = "xserve-running.png";
			path = "images/xserve-running.png";
			refType = 4;
			sourceTree = "<group>";
		};
		437F125C05C964A90085F179 = {
			fileRef = 437F125B05C964A90085F179;
			isa = PBXBuildFile;
			settings = {
			};
		};
		437F125D05C964AE0085F179 = {
			isa = PBXFileReference;
			lastKnownFileType = image.png;
			name = "xserve-stopped.png";
			path = "images/xserve-stopped.png";
			refType = 4;
			sourceTree = "<group>";
		};
		437F125E05C964AE0085F179 = {
			fileRef = 437F125D05C964AE0085F179;
			isa = PBXBuildFile;
			settings = {
			};
		};
		437F125F05C964B60085F179 = {
			isa = PBXFileReference;
			lastKnownFileType = image.png;
			name = "xserve-unknown.png";
			path = "images/xserve-unknown.png";
			refType = 4;
			sourceTree = "<group>";
		};
		437F126005C964B60085F179 = {
			fileRef = 437F125F05C964B60085F179;
			isa = PBXBuildFile;
			settings = {
			};
		};
		43927B3A05C8C58C009FBD73 = {
			fileEncoding = 4;
			isa = PBXFileReference;
			lastKnownFileType = sourcecode.c.h;
			path = windowCategory.h;
			refType = 4;
			sourceTree = "<group>";
		};
		43927B3B05C8C58C009FBD73 = {
			fileEncoding = 4;
			isa = PBXFileReference;
			lastKnownFileType = sourcecode.c.objc;
			path = windowCategory.m;
			refType = 4;
			sourceTree = "<group>";
		};
		43927B3C05C8C58C009FBD73 = {
			fileRef = 43927B3A05C8C58C009FBD73;
			isa = PBXBuildFile;
			settings = {
			};
		};
		43927B3D05C8C58C009FBD73 = {
			fileRef = 43927B3B05C8C58C009FBD73;
			isa = PBXBuildFile;
			settings = {
			};
		};
		43927B8D05C8D4A7009FBD73 = {
			fileEncoding = 30;
			isa = PBXFileReference;
			lastKnownFileType = sourcecode.c.h;
			path = AGProcess.h;
			refType = 4;
			sourceTree = "<group>";
		};
		43927B8E05C8D4A7009FBD73 = {
			fileEncoding = 30;
			isa = PBXFileReference;
			lastKnownFileType = sourcecode.c.objc;
			path = AGProcess.m;
			refType = 4;
			sourceTree = "<group>";
		};
		43927B8F05C8D4A7009FBD73 = {
			fileRef = 43927B8D05C8D4A7009FBD73;
			isa = PBXBuildFile;
			settings = {
			};
		};
		43927B9005C8D4A7009FBD73 = {
			fileRef = 43927B8E05C8D4A7009FBD73;
			isa = PBXBuildFile;
			settings = {
			};
		};
		43C1BE81063E0A5E00B55BBB = {
			isa = PBXFileReference;
			lastKnownFileType = wrapper.framework;
			name = Security.framework;
			path = /System/Library/Frameworks/Security.framework;
			refType = 0;
			sourceTree = "<absolute>";
		};
		43C1BE82063E0A5E00B55BBB = {
			fileRef = 43C1BE81063E0A5E00B55BBB;
			isa = PBXBuildFile;
			settings = {
			};
		};
		43C4E7A205C8344A00B92B88 = {
			fileEncoding = 30;
			isa = PBXFileReference;
			lastKnownFileType = sourcecode.c.h;
			path = SQLServiceManager.h;
			refType = 4;
			sourceTree = "<group>";
		};
		43C4E7A305C8344A00B92B88 = {
			fileEncoding = 30;
			isa = PBXFileReference;
			lastKnownFileType = sourcecode.c.objc;
			path = SQLServiceManager.m;
			refType = 4;
			sourceTree = "<group>";
		};
		43C4E7A405C8344A00B92B88 = {
			fileRef = 43C4E7A205C8344A00B92B88;
			isa = PBXBuildFile;
			settings = {
			};
		};
		43C4E7A505C8344A00B92B88 = {
			fileRef = 43C4E7A305C8344A00B92B88;
			isa = PBXBuildFile;
			settings = {
			};
		};
		43FA561205C9EDB900A738DA = {
			fileEncoding = 4;
			isa = PBXFileReference;
			lastKnownFileType = sourcecode.c.h;
			path = menuCategory.h;
			refType = 4;
			sourceTree = "<group>";
		};
		43FA561305C9EDB900A738DA = {
			fileEncoding = 4;
			isa = PBXFileReference;
			lastKnownFileType = sourcecode.c.objc;
			path = menuCategory.m;
			refType = 4;
			sourceTree = "<group>";
		};
		43FA561405C9EDB900A738DA = {
			fileRef = 43FA561205C9EDB900A738DA;
			isa = PBXBuildFile;
			settings = {
			};
		};
		43FA561505C9EDB900A738DA = {
			fileRef = 43FA561305C9EDB900A738DA;
			isa = PBXBuildFile;
			settings = {
			};
		};
//430
//431
//432
//433
//434
//4A0
//4A1
//4A2
//4A3
//4A4
		4A9504CCFFE6A4B311CA0CBA = {
			buildSettings = {
				COPY_PHASE_STRIP = NO;
				DEBUGGING_SYMBOLS = YES;
				GCC_DYNAMIC_NO_PIC = NO;
				GCC_ENABLE_FIX_AND_CONTINUE = YES;
				GCC_GENERATE_DEBUGGING_SYMBOLS = YES;
				GCC_OPTIMIZATION_LEVEL = 0;
				OPTIMIZATION_CFLAGS = "-O0";
				ZERO_LINK = YES;
			};
			isa = PBXBuildStyle;
			name = Development;
		};
		4A9504CDFFE6A4B311CA0CBA = {
			buildSettings = {
				COPY_PHASE_STRIP = YES;
				GCC_ENABLE_FIX_AND_CONTINUE = NO;
				ZERO_LINK = NO;
			};
			isa = PBXBuildStyle;
			name = Deployment;
		};
//4A0
//4A1
//4A2
//4A3
//4A4
//8D0
//8D1
//8D2
//8D3
//8D4
		8D1107260486CEB800E47090 = {
			buildPhases = (
				8D1107270486CEB800E47090,
				8D1107290486CEB800E47090,
				8D11072C0486CEB800E47090,
				8D11072E0486CEB800E47090,
				434034AF06D3C95E007C9FD4,
			);
			buildRules = (
			);
			buildSettings = {
				FRAMEWORK_SEARCH_PATHS = "";
				GCC_ENABLE_TRIGRAPHS = NO;
				GCC_GENERATE_DEBUGGING_SYMBOLS = NO;
				GCC_PRECOMPILE_PREFIX_HEADER = YES;
				GCC_PREFIX_HEADER = "Service Manager_Prefix.pch";
				GCC_WARN_ABOUT_MISSING_PROTOTYPES = NO;
				GCC_WARN_FOUR_CHARACTER_CONSTANTS = NO;
				GCC_WARN_UNKNOWN_PRAGMAS = NO;
				HEADER_SEARCH_PATHS = "";
				INFOPLIST_FILE = Info.plist;
				INSTALL_PATH = "$(HOME)/Applications";
				LIBRARY_SEARCH_PATHS = "";
				MACOSX_DEPLOYMENT_TARGET = 10.3;
				OTHER_CFLAGS = "";
				OTHER_LDFLAGS = "";
				PRODUCT_NAME = "Service Manager";
				SECTORDER_FLAGS = "";
				WARNING_CFLAGS = "-Wmost -Wno-four-char-constants -Wno-unknown-pragmas";
				WRAPPER_EXTENSION = app;
			};
			dependencies = (
				4324A94807B7C6DE000481FF,
			);
			isa = PBXNativeTarget;
			name = "Service Manager";
			productInstallPath = "$(HOME)/Applications";
			productName = "Service Manager";
			productReference = 8D1107320486CEB800E47090;
			productType = "com.apple.product-type.application";
		};
		8D1107270486CEB800E47090 = {
			buildActionMask = 2147483647;
			files = (
				8D1107280486CEB800E47090,
				43C4E7A405C8344A00B92B88,
				43927B3C05C8C58C009FBD73,
				43927B8F05C8D4A7009FBD73,
				43FA561405C9EDB900A738DA,
			);
			isa = PBXHeadersBuildPhase;
			runOnlyForDeploymentPostprocessing = 0;
		};
		8D1107280486CEB800E47090 = {
			fileRef = 32CA4F630368D1EE00C91783;
			isa = PBXBuildFile;
			settings = {
			};
		};
		8D1107290486CEB800E47090 = {
			buildActionMask = 2147483647;
			files = (
				8D11072A0486CEB800E47090,
				8D11072B0486CEB800E47090,
				437F124A05C964850085F179,
				437F125405C9648F0085F179,
				437F125605C964950085F179,
				437F125805C9649B0085F179,
				437F125A05C964A10085F179,
				437F125C05C964A90085F179,
				437F125E05C964AE0085F179,
				437F126005C964B60085F179,
				4324A95907B7C750000481FF,
			);
			isa = PBXResourcesBuildPhase;
			runOnlyForDeploymentPostprocessing = 0;
		};
		8D11072A0486CEB800E47090 = {
			fileRef = 29B97318FDCFA39411CA2CEA;
			isa = PBXBuildFile;
			settings = {
			};
		};
		8D11072B0486CEB800E47090 = {
			fileRef = 089C165CFE840E0CC02AAC07;
			isa = PBXBuildFile;
			settings = {
			};
		};
		8D11072C0486CEB800E47090 = {
			buildActionMask = 2147483647;
			files = (
				8D11072D0486CEB800E47090,
				43C4E7A505C8344A00B92B88,
				43927B3D05C8C58C009FBD73,
				43927B9005C8D4A7009FBD73,
				43FA561505C9EDB900A738DA,
			);
			isa = PBXSourcesBuildPhase;
			runOnlyForDeploymentPostprocessing = 0;
		};
		8D11072D0486CEB800E47090 = {
			fileRef = 29B97316FDCFA39411CA2CEA;
			isa = PBXBuildFile;
			settings = {
				ATTRIBUTES = (
				);
			};
		};
		8D11072E0486CEB800E47090 = {
			buildActionMask = 2147483647;
			files = (
				8D11072F0486CEB800E47090,
				43C1BE82063E0A5E00B55BBB,
			);
			isa = PBXFrameworksBuildPhase;
			runOnlyForDeploymentPostprocessing = 0;
		};
		8D11072F0486CEB800E47090 = {
			fileRef = 1058C7A1FEA54F0111CA2CBB;
			isa = PBXBuildFile;
			settings = {
			};
		};
		8D1107310486CEB800E47090 = {
			fileEncoding = 4;
			isa = PBXFileReference;
			lastKnownFileType = text.plist;
			path = Info.plist;
			refType = 4;
			sourceTree = "<group>";
		};
		8D1107320486CEB800E47090 = {
			explicitFileType = wrapper.application;
			includeInIndex = 0;
			isa = PBXFileReference;
			path = "Service Manager.app";
			refType = 3;
			sourceTree = BUILT_PRODUCTS_DIR;
		};
	};
	rootObject = 29B97313FDCFA39411CA2CEA;
}
